// !$*UTF8*$!
{
	archiveVersion = 1;
	classes = {
	};
	objectVersion = 50;
	objects = {

/* Begin PBXBuildFile section */
		10CFE3EF2152AEB200198236 /* AppDelegate.swift in Sources */ = {isa = PBXBuildFile; fileRef = 10CFE3EE2152AEB200198236 /* AppDelegate.swift */; };
		10CFE3F62152AEB400198236 /* Assets.xcassets in Resources */ = {isa = PBXBuildFile; fileRef = 10CFE3F52152AEB400198236 /* Assets.xcassets */; };
		10CFE3F92152AEB400198236 /* LaunchScreen.storyboard in Resources */ = {isa = PBXBuildFile; fileRef = 10CFE3F72152AEB400198236 /* LaunchScreen.storyboard */; };
		10CFE4092152AF8A00198236 /* RPN.framework in Frameworks */ = {isa = PBXBuildFile; fileRef = 10CFE4082152AF1300198236 /* RPN.framework */; };
		10CFE40A2152AF8A00198236 /* RPN.framework in Embed Frameworks */ = {isa = PBXBuildFile; fileRef = 10CFE4082152AF1300198236 /* RPN.framework */; settings = {ATTRIBUTES = (CodeSignOnCopy, RemoveHeadersOnCopy, ); }; };
		10CFE4142152BD4E00198236 /* Main.storyboard in Resources */ = {isa = PBXBuildFile; fileRef = 10CFE4122152BD4E00198236 /* Main.storyboard */; };
		10CFE4152152BD4E00198236 /* CalculatorViewController.swift in Sources */ = {isa = PBXBuildFile; fileRef = 10CFE4132152BD4E00198236 /* CalculatorViewController.swift */; };
		10D94943217EDF140086B3C6 /* NotificationCenter.framework in Frameworks */ = {isa = PBXBuildFile; fileRef = 10D94942217EDF140086B3C6 /* NotificationCenter.framework */; };
		10D94946217EDF140086B3C6 /* TodayViewController.swift in Sources */ = {isa = PBXBuildFile; fileRef = 10D94945217EDF140086B3C6 /* TodayViewController.swift */; };
		10D94949217EDF140086B3C6 /* MainInterface.storyboard in Resources */ = {isa = PBXBuildFile; fileRef = 10D94947217EDF140086B3C6 /* MainInterface.storyboard */; };
		10D9494D217EDF140086B3C6 /* CalculatorCore.appex in Embed App Extensions */ = {isa = PBXBuildFile; fileRef = 10D94940217EDF140086B3C6 /* CalculatorCore.appex */; settings = {ATTRIBUTES = (RemoveHeadersOnCopy, ); }; };
/* End PBXBuildFile section */

/* Begin PBXContainerItemProxy section */
		10CFE4072152AF1300198236 /* PBXContainerItemProxy */ = {
			isa = PBXContainerItemProxy;
			containerPortal = 10CFE4032152AF1200198236 /* RPN.xcodeproj */;
			proxyType = 2;
			remoteGlobalIDString = 10CFE3D52152AE2200198236;
			remoteInfo = RPN;
		};
		10CFE40B2152AF8A00198236 /* PBXContainerItemProxy */ = {
			isa = PBXContainerItemProxy;
			containerPortal = 10CFE4032152AF1200198236 /* RPN.xcodeproj */;
			proxyType = 1;
			remoteGlobalIDString = 10CFE3D42152AE2200198236;
			remoteInfo = RPN;
		};
		10D9494B217EDF140086B3C6 /* PBXContainerItemProxy */ = {
			isa = PBXContainerItemProxy;
			containerPortal = 10CFE3E32152AEB200198236 /* Project object */;
			proxyType = 1;
			remoteGlobalIDString = 10D9493F217EDF140086B3C6;
			remoteInfo = CalculatorCore;
		};
/* End PBXContainerItemProxy section */

/* Begin PBXCopyFilesBuildPhase section */
		10CFE40D2152AF8A00198236 /* Embed Frameworks */ = {
			isa = PBXCopyFilesBuildPhase;
			buildActionMask = 2147483647;
			dstPath = "";
			dstSubfolderSpec = 10;
			files = (
				10CFE40A2152AF8A00198236 /* RPN.framework in Embed Frameworks */,
			);
			name = "Embed Frameworks";
			runOnlyForDeploymentPostprocessing = 0;
		};
		10D94951217EDF140086B3C6 /* Embed App Extensions */ = {
			isa = PBXCopyFilesBuildPhase;
			buildActionMask = 2147483647;
			dstPath = "";
			dstSubfolderSpec = 13;
			files = (
				10D9494D217EDF140086B3C6 /* CalculatorCore.appex in Embed App Extensions */,
			);
			name = "Embed App Extensions";
			runOnlyForDeploymentPostprocessing = 0;
		};
/* End PBXCopyFilesBuildPhase section */

/* Begin PBXFileReference section */
		10CFE3EB2152AEB200198236 /* Calculator.app */ = {isa = PBXFileReference; explicitFileType = wrapper.application; includeInIndex = 0; path = Calculator.app; sourceTree = BUILT_PRODUCTS_DIR; };
		10CFE3EE2152AEB200198236 /* AppDelegate.swift */ = {isa = PBXFileReference; lastKnownFileType = sourcecode.swift; path = AppDelegate.swift; sourceTree = "<group>"; };
		10CFE3F52152AEB400198236 /* Assets.xcassets */ = {isa = PBXFileReference; lastKnownFileType = folder.assetcatalog; path = Assets.xcassets; sourceTree = "<group>"; };
		10CFE3F82152AEB400198236 /* Base */ = {isa = PBXFileReference; lastKnownFileType = file.storyboard; name = Base; path = Base.lproj/LaunchScreen.storyboard; sourceTree = "<group>"; };
		10CFE3FA2152AEB400198236 /* Info.plist */ = {isa = PBXFileReference; lastKnownFileType = text.plist.xml; path = Info.plist; sourceTree = "<group>"; };
		10CFE4032152AF1200198236 /* RPN.xcodeproj */ = {isa = PBXFileReference; lastKnownFileType = "wrapper.pb-project"; name = RPN.xcodeproj; path = ../../../RPN/RPN.xcodeproj; sourceTree = "<group>"; };
		10CFE4122152BD4E00198236 /* Main.storyboard */ = {isa = PBXFileReference; fileEncoding = 4; lastKnownFileType = file.storyboard; path = Main.storyboard; sourceTree = "<group>"; };
		10CFE4132152BD4E00198236 /* CalculatorViewController.swift */ = {isa = PBXFileReference; fileEncoding = 4; lastKnownFileType = sourcecode.swift; path = CalculatorViewController.swift; sourceTree = "<group>"; };
		10D94940217EDF140086B3C6 /* CalculatorCore.appex */ = {isa = PBXFileReference; explicitFileType = "wrapper.app-extension"; includeInIndex = 0; path = CalculatorCore.appex; sourceTree = BUILT_PRODUCTS_DIR; };
		10D94942217EDF140086B3C6 /* NotificationCenter.framework */ = {isa = PBXFileReference; lastKnownFileType = wrapper.framework; name = NotificationCenter.framework; path = System/Library/Frameworks/NotificationCenter.framework; sourceTree = SDKROOT; };
		10D94945217EDF140086B3C6 /* TodayViewController.swift */ = {isa = PBXFileReference; lastKnownFileType = sourcecode.swift; path = TodayViewController.swift; sourceTree = "<group>"; };
		10D94948217EDF140086B3C6 /* Base */ = {isa = PBXFileReference; lastKnownFileType = file.storyboard; name = Base; path = Base.lproj/MainInterface.storyboard; sourceTree = "<group>"; };
		10D9494A217EDF140086B3C6 /* Info.plist */ = {isa = PBXFileReference; lastKnownFileType = text.plist.xml; path = Info.plist; sourceTree = "<group>"; };
/* End PBXFileReference section */

/* Begin PBXFrameworksBuildPhase section */
		10CFE3E82152AEB200198236 /* Frameworks */ = {
			isa = PBXFrameworksBuildPhase;
			buildActionMask = 2147483647;
			files = (
				10CFE4092152AF8A00198236 /* RPN.framework in Frameworks */,
			);
			runOnlyForDeploymentPostprocessing = 0;
		};
		10D9493D217EDF140086B3C6 /* Frameworks */ = {
			isa = PBXFrameworksBuildPhase;
			buildActionMask = 2147483647;
			files = (
				10D94943217EDF140086B3C6 /* NotificationCenter.framework in Frameworks */,
			);
			runOnlyForDeploymentPostprocessing = 0;
		};
/* End PBXFrameworksBuildPhase section */

/* Begin PBXGroup section */
		10CFE3E22152AEB200198236 = {
			isa = PBXGroup;
			children = (
				10CFE3ED2152AEB200198236 /* Calculator */,
				10D94944217EDF140086B3C6 /* CalculatorCore */,
				10D94941217EDF140086B3C6 /* Frameworks */,
				10CFE3EC2152AEB200198236 /* Products */,
			);
			sourceTree = "<group>";
		};
		10CFE3EC2152AEB200198236 /* Products */ = {
			isa = PBXGroup;
			children = (
				10CFE3EB2152AEB200198236 /* Calculator.app */,
				10D94940217EDF140086B3C6 /* CalculatorCore.appex */,
			);
			name = Products;
			sourceTree = "<group>";
		};
		10CFE3ED2152AEB200198236 /* Calculator */ = {
			isa = PBXGroup;
			children = (
				10CFE4132152BD4E00198236 /* CalculatorViewController.swift */,
				10CFE4122152BD4E00198236 /* Main.storyboard */,
				10CFE3EE2152AEB200198236 /* AppDelegate.swift */,
				10CFE3F52152AEB400198236 /* Assets.xcassets */,
				10CFE3F72152AEB400198236 /* LaunchScreen.storyboard */,
				10CFE3FA2152AEB400198236 /* Info.plist */,
				10CFE4002152AEED00198236 /* Frameworks */,
			);
			path = Calculator;
			sourceTree = "<group>";
		};
		10CFE4002152AEED00198236 /* Frameworks */ = {
			isa = PBXGroup;
			children = (
				10CFE4032152AF1200198236 /* RPN.xcodeproj */,
			);
			path = Frameworks;
			sourceTree = "<group>";
		};
		10CFE4042152AF1200198236 /* Products */ = {
			isa = PBXGroup;
			children = (
				10CFE4082152AF1300198236 /* RPN.framework */,
			);
			name = Products;
			sourceTree = "<group>";
		};
		10D94941217EDF140086B3C6 /* Frameworks */ = {
			isa = PBXGroup;
			children = (
				10D94942217EDF140086B3C6 /* NotificationCenter.framework */,
			);
			name = Frameworks;
			sourceTree = "<group>";
		};
		10D94944217EDF140086B3C6 /* CalculatorCore */ = {
			isa = PBXGroup;
			children = (
				10D94945217EDF140086B3C6 /* TodayViewController.swift */,
				10D94947217EDF140086B3C6 /* MainInterface.storyboard */,
				10D9494A217EDF140086B3C6 /* Info.plist */,
			);
			path = CalculatorCore;
			sourceTree = "<group>";
		};
/* End PBXGroup section */

/* Begin PBXNativeTarget section */
		10CFE3EA2152AEB200198236 /* Calculator */ = {
			isa = PBXNativeTarget;
			buildConfigurationList = 10CFE3FD2152AEB400198236 /* Build configuration list for PBXNativeTarget "Calculator" */;
			buildPhases = (
				10CFE3E72152AEB200198236 /* Sources */,
				10CFE3E82152AEB200198236 /* Frameworks */,
				10CFE3E92152AEB200198236 /* Resources */,
				10CFE40D2152AF8A00198236 /* Embed Frameworks */,
				10D94951217EDF140086B3C6 /* Embed App Extensions */,
			);
			buildRules = (
			);
			dependencies = (
				10CFE40C2152AF8A00198236 /* PBXTargetDependency */,
				10D9494C217EDF140086B3C6 /* PBXTargetDependency */,
			);
			name = Calculator;
			productName = Calculator;
			productReference = 10CFE3EB2152AEB200198236 /* Calculator.app */;
			productType = "com.apple.product-type.application";
		};
		10D9493F217EDF140086B3C6 /* CalculatorCore */ = {
			isa = PBXNativeTarget;
			buildConfigurationList = 10D9494E217EDF140086B3C6 /* Build configuration list for PBXNativeTarget "CalculatorCore" */;
			buildPhases = (
				10D9493C217EDF140086B3C6 /* Sources */,
				10D9493D217EDF140086B3C6 /* Frameworks */,
				10D9493E217EDF140086B3C6 /* Resources */,
			);
			buildRules = (
			);
			dependencies = (
			);
			name = CalculatorCore;
			productName = CalculatorCore;
			productReference = 10D94940217EDF140086B3C6 /* CalculatorCore.appex */;
			productType = "com.apple.product-type.app-extension";
		};
/* End PBXNativeTarget section */

/* Begin PBXProject section */
		10CFE3E32152AEB200198236 /* Project object */ = {
			isa = PBXProject;
			attributes = {
				LastSwiftUpdateCheck = 1000;
				LastUpgradeCheck = 0940;
				ORGANIZATIONNAME = "Andrew Liao";
				TargetAttributes = {
					10CFE3EA2152AEB200198236 = {
						CreatedOnToolsVersion = 9.4.1;
					};
					10D9493F217EDF140086B3C6 = {
						CreatedOnToolsVersion = 10.0;
					};
				};
			};
			buildConfigurationList = 10CFE3E62152AEB200198236 /* Build configuration list for PBXProject "Calculator" */;
			compatibilityVersion = "Xcode 9.3";
			developmentRegion = en;
			hasScannedForEncodings = 0;
			knownRegions = (
				en,
				Base,
			);
			mainGroup = 10CFE3E22152AEB200198236;
			productRefGroup = 10CFE3EC2152AEB200198236 /* Products */;
			projectDirPath = "";
			projectReferences = (
				{
					ProductGroup = 10CFE4042152AF1200198236 /* Products */;
					ProjectRef = 10CFE4032152AF1200198236 /* RPN.xcodeproj */;
				},
			);
			projectRoot = "";
			targets = (
				10CFE3EA2152AEB200198236 /* Calculator */,
				10D9493F217EDF140086B3C6 /* CalculatorCore */,
			);
		};
/* End PBXProject section */

/* Begin PBXReferenceProxy section */
		10CFE4082152AF1300198236 /* RPN.framework */ = {
			isa = PBXReferenceProxy;
			fileType = wrapper.framework;
			path = RPN.framework;
			remoteRef = 10CFE4072152AF1300198236 /* PBXContainerItemProxy */;
			sourceTree = BUILT_PRODUCTS_DIR;
		};
/* End PBXReferenceProxy section */

/* Begin PBXResourcesBuildPhase section */
		10CFE3E92152AEB200198236 /* Resources */ = {
			isa = PBXResourcesBuildPhase;
			buildActionMask = 2147483647;
			files = (
				10CFE4142152BD4E00198236 /* Main.storyboard in Resources */,
				10CFE3F92152AEB400198236 /* LaunchScreen.storyboard in Resources */,
				10CFE3F62152AEB400198236 /* Assets.xcassets in Resources */,
			);
			runOnlyForDeploymentPostprocessing = 0;
		};
		10D9493E217EDF140086B3C6 /* Resources */ = {
			isa = PBXResourcesBuildPhase;
			buildActionMask = 2147483647;
			files = (
				10D94949217EDF140086B3C6 /* MainInterface.storyboard in Resources */,
			);
			runOnlyForDeploymentPostprocessing = 0;
		};
/* End PBXResourcesBuildPhase section */

/* Begin PBXSourcesBuildPhase section */
		10CFE3E72152AEB200198236 /* Sources */ = {
			isa = PBXSourcesBuildPhase;
			buildActionMask = 2147483647;
			files = (
				10CFE4152152BD4E00198236 /* CalculatorViewController.swift in Sources */,
				10CFE3EF2152AEB200198236 /* AppDelegate.swift in Sources */,
			);
			runOnlyForDeploymentPostprocessing = 0;
		};
		10D9493C217EDF140086B3C6 /* Sources */ = {
			isa = PBXSourcesBuildPhase;
			buildActionMask = 2147483647;
			files = (
				10D94946217EDF140086B3C6 /* TodayViewController.swift in Sources */,
			);
			runOnlyForDeploymentPostprocessing = 0;
		};
/* End PBXSourcesBuildPhase section */

/* Begin PBXTargetDependency section */
		10CFE40C2152AF8A00198236 /* PBXTargetDependency */ = {
			isa = PBXTargetDependency;
			name = RPN;
			targetProxy = 10CFE40B2152AF8A00198236 /* PBXContainerItemProxy */;
		};
		10D9494C217EDF140086B3C6 /* PBXTargetDependency */ = {
			isa = PBXTargetDependency;
			target = 10D9493F217EDF140086B3C6 /* CalculatorCore */;
			targetProxy = 10D9494B217EDF140086B3C6 /* PBXContainerItemProxy */;
		};
/* End PBXTargetDependency section */

/* Begin PBXVariantGroup section */
		10CFE3F72152AEB400198236 /* LaunchScreen.storyboard */ = {
			isa = PBXVariantGroup;
			children = (
				10CFE3F82152AEB400198236 /* Base */,
			);
			name = LaunchScreen.storyboard;
			sourceTree = "<group>";
		};
		10D94947217EDF140086B3C6 /* MainInterface.storyboard */ = {
			isa = PBXVariantGroup;
			children = (
				10D94948217EDF140086B3C6 /* Base */,
			);
			name = MainInterface.storyboard;
			sourceTree = "<group>";
		};
/* End PBXVariantGroup section */

/* Begin XCBuildConfiguration section */
		10CFE3FB2152AEB400198236 /* Debug */ = {
			isa = XCBuildConfiguration;
			buildSettings = {
				ALWAYS_SEARCH_USER_PATHS = NO;
				CLANG_ANALYZER_NONNULL = YES;
				CLANG_ANALYZER_NUMBER_OBJECT_CONVERSION = YES_AGGRESSIVE;
				CLANG_CXX_LANGUAGE_STANDARD = "gnu++14";
				CLANG_CXX_LIBRARY = "libc++";
				CLANG_ENABLE_MODULES = YES;
				CLANG_ENABLE_OBJC_ARC = YES;
				CLANG_ENABLE_OBJC_WEAK = YES;
				CLANG_WARN_BLOCK_CAPTURE_AUTORELEASING = YES;
				CLANG_WARN_BOOL_CONVERSION = YES;
				CLANG_WARN_COMMA = YES;
				CLANG_WARN_CONSTANT_CONVERSION = YES;
				CLANG_WARN_DEPRECATED_OBJC_IMPLEMENTATIONS = YES;
				CLANG_WARN_DIRECT_OBJC_ISA_USAGE = YES_ERROR;
				CLANG_WARN_DOCUMENTATION_COMMENTS = YES;
				CLANG_WARN_EMPTY_BODY = YES;
				CLANG_WARN_ENUM_CONVERSION = YES;
				CLANG_WARN_INFINITE_RECURSION = YES;
				CLANG_WARN_INT_CONVERSION = YES;
				CLANG_WARN_NON_LITERAL_NULL_CONVERSION = YES;
				CLANG_WARN_OBJC_IMPLICIT_RETAIN_SELF = YES;
				CLANG_WARN_OBJC_LITERAL_CONVERSION = YES;
				CLANG_WARN_OBJC_ROOT_CLASS = YES_ERROR;
				CLANG_WARN_RANGE_LOOP_ANALYSIS = YES;
				CLANG_WARN_STRICT_PROTOTYPES = YES;
				CLANG_WARN_SUSPICIOUS_MOVE = YES;
				CLANG_WARN_UNGUARDED_AVAILABILITY = YES_AGGRESSIVE;
				CLANG_WARN_UNREACHABLE_CODE = YES;
				CLANG_WARN__DUPLICATE_METHOD_MATCH = YES;
				CODE_SIGN_IDENTITY = "iPhone Developer";
				COPY_PHASE_STRIP = NO;
				DEBUG_INFORMATION_FORMAT = dwarf;
				ENABLE_STRICT_OBJC_MSGSEND = YES;
				ENABLE_TESTABILITY = YES;
				GCC_C_LANGUAGE_STANDARD = gnu11;
				GCC_DYNAMIC_NO_PIC = NO;
				GCC_NO_COMMON_BLOCKS = YES;
				GCC_OPTIMIZATION_LEVEL = 0;
				GCC_PREPROCESSOR_DEFINITIONS = (
					"DEBUG=1",
					"$(inherited)",
				);
				GCC_WARN_64_TO_32_BIT_CONVERSION = YES;
				GCC_WARN_ABOUT_RETURN_TYPE = YES_ERROR;
				GCC_WARN_UNDECLARED_SELECTOR = YES;
				GCC_WARN_UNINITIALIZED_AUTOS = YES_AGGRESSIVE;
				GCC_WARN_UNUSED_FUNCTION = YES;
				GCC_WARN_UNUSED_VARIABLE = YES;
				IPHONEOS_DEPLOYMENT_TARGET = 11.4;
				MTL_ENABLE_DEBUG_INFO = YES;
				ONLY_ACTIVE_ARCH = YES;
				SDKROOT = iphoneos;
				SWIFT_ACTIVE_COMPILATION_CONDITIONS = DEBUG;
				SWIFT_OPTIMIZATION_LEVEL = "-Onone";
			};
			name = Debug;
		};
		10CFE3FC2152AEB400198236 /* Release */ = {
			isa = XCBuildConfiguration;
			buildSettings = {
				ALWAYS_SEARCH_USER_PATHS = NO;
				CLANG_ANALYZER_NONNULL = YES;
				CLANG_ANALYZER_NUMBER_OBJECT_CONVERSION = YES_AGGRESSIVE;
				CLANG_CXX_LANGUAGE_STANDARD = "gnu++14";
				CLANG_CXX_LIBRARY = "libc++";
				CLANG_ENABLE_MODULES = YES;
				CLANG_ENABLE_OBJC_ARC = YES;
				CLANG_ENABLE_OBJC_WEAK = YES;
				CLANG_WARN_BLOCK_CAPTURE_AUTORELEASING = YES;
				CLANG_WARN_BOOL_CONVERSION = YES;
				CLANG_WARN_COMMA = YES;
				CLANG_WARN_CONSTANT_CONVERSION = YES;
				CLANG_WARN_DEPRECATED_OBJC_IMPLEMENTATIONS = YES;
				CLANG_WARN_DIRECT_OBJC_ISA_USAGE = YES_ERROR;
				CLANG_WARN_DOCUMENTATION_COMMENTS = YES;
				CLANG_WARN_EMPTY_BODY = YES;
				CLANG_WARN_ENUM_CONVERSION = YES;
				CLANG_WARN_INFINITE_RECURSION = YES;
				CLANG_WARN_INT_CONVERSION = YES;
				CLANG_WARN_NON_LITERAL_NULL_CONVERSION = YES;
				CLANG_WARN_OBJC_IMPLICIT_RETAIN_SELF = YES;
				CLANG_WARN_OBJC_LITERAL_CONVERSION = YES;
				CLANG_WARN_OBJC_ROOT_CLASS = YES_ERROR;
				CLANG_WARN_RANGE_LOOP_ANALYSIS = YES;
				CLANG_WARN_STRICT_PROTOTYPES = YES;
				CLANG_WARN_SUSPICIOUS_MOVE = YES;
				CLANG_WARN_UNGUARDED_AVAILABILITY = YES_AGGRESSIVE;
				CLANG_WARN_UNREACHABLE_CODE = YES;
				CLANG_WARN__DUPLICATE_METHOD_MATCH = YES;
				CODE_SIGN_IDENTITY = "iPhone Developer";
				COPY_PHASE_STRIP = NO;
				DEBUG_INFORMATION_FORMAT = "dwarf-with-dsym";
				ENABLE_NS_ASSERTIONS = NO;
				ENABLE_STRICT_OBJC_MSGSEND = YES;
				GCC_C_LANGUAGE_STANDARD = gnu11;
				GCC_NO_COMMON_BLOCKS = YES;
				GCC_WARN_64_TO_32_BIT_CONVERSION = YES;
				GCC_WARN_ABOUT_RETURN_TYPE = YES_ERROR;
				GCC_WARN_UNDECLARED_SELECTOR = YES;
				GCC_WARN_UNINITIALIZED_AUTOS = YES_AGGRESSIVE;
				GCC_WARN_UNUSED_FUNCTION = YES;
				GCC_WARN_UNUSED_VARIABLE = YES;
				IPHONEOS_DEPLOYMENT_TARGET = 11.4;
				MTL_ENABLE_DEBUG_INFO = NO;
				SDKROOT = iphoneos;
				SWIFT_COMPILATION_MODE = wholemodule;
				SWIFT_OPTIMIZATION_LEVEL = "-O";
				VALIDATE_PRODUCT = YES;
			};
			name = Release;
		};
		10CFE3FE2152AEB400198236 /* Debug */ = {
			isa = XCBuildConfiguration;
			buildSettings = {
				ALWAYS_EMBED_SWIFT_STANDARD_LIBRARIES = YES;
				ASSETCATALOG_COMPILER_APPICON_NAME = AppIcon;
				CODE_SIGN_IDENTITY = "iPhone Developer";
				CODE_SIGN_STYLE = Automatic;
				DEVELOPMENT_TEAM = 579Y2HH9JP;
				INFOPLIST_FILE = Calculator/Info.plist;
				LD_RUNPATH_SEARCH_PATHS = (
					"$(inherited)",
					"@executable_path/Frameworks",
				);
				PRODUCT_BUNDLE_IDENTIFIER = com.andrew.CalculatorRPN;
				PRODUCT_NAME = "$(TARGET_NAME)";
				PROVISIONING_PROFILE_SPECIFIER = "";
				SWIFT_VERSION = 4.0;
				TARGETED_DEVICE_FAMILY = "1,2";
			};
			name = Debug;
		};
		10CFE3FF2152AEB400198236 /* Release */ = {
			isa = XCBuildConfiguration;
			buildSettings = {
				ALWAYS_EMBED_SWIFT_STANDARD_LIBRARIES = YES;
				ASSETCATALOG_COMPILER_APPICON_NAME = AppIcon;
				CODE_SIGN_IDENTITY = "iPhone Developer";
				CODE_SIGN_STYLE = Automatic;
				DEVELOPMENT_TEAM = 579Y2HH9JP;
				INFOPLIST_FILE = Calculator/Info.plist;
				LD_RUNPATH_SEARCH_PATHS = (
					"$(inherited)",
					"@executable_path/Frameworks",
				);
				PRODUCT_BUNDLE_IDENTIFIER = com.andrew.CalculatorRPN;
				PRODUCT_NAME = "$(TARGET_NAME)";
				PROVISIONING_PROFILE_SPECIFIER = "";
				SWIFT_VERSION = 4.0;
				TARGETED_DEVICE_FAMILY = "1,2";
			};
			name = Release;
		};
		10D9494F217EDF140086B3C6 /* Debug */ = {
			isa = XCBuildConfiguration;
			buildSettings = {
				CODE_SIGN_IDENTITY = "iPhone Developer";
				CODE_SIGN_STYLE = Automatic;
				DEVELOPMENT_TEAM = 579Y2HH9JP;
				INFOPLIST_FILE = CalculatorCore/Info.plist;
				IPHONEOS_DEPLOYMENT_TARGET = 12.0;
				LD_RUNPATH_SEARCH_PATHS = (
					"$(inherited)",
					"@executable_path/Frameworks",
					"@executable_path/../../Frameworks",
				);
				MTL_ENABLE_DEBUG_INFO = INCLUDE_SOURCE;
				MTL_FAST_MATH = YES;
				PRODUCT_BUNDLE_IDENTIFIER = com.andrew.CalculatorRPN.CalculatorCore;
				PRODUCT_NAME = "$(TARGET_NAME)";
				SKIP_INSTALL = YES;
				SWIFT_VERSION = 4.2;
				TARGETED_DEVICE_FAMILY = "1,2";
			};
			name = Debug;
		};
		10D94950217EDF140086B3C6 /* Release */ = {
			isa = XCBuildConfiguration;
			buildSettings = {
				CODE_SIGN_IDENTITY = "iPhone Developer";
				CODE_SIGN_STYLE = Automatic;
				DEVELOPMENT_TEAM = 579Y2HH9JP;
				INFOPLIST_FILE = CalculatorCore/Info.plist;
				IPHONEOS_DEPLOYMENT_TARGET = 12.0;
				LD_RUNPATH_SEARCH_PATHS = (
					"$(inherited)",
					"@executable_path/Frameworks",
					"@executable_path/../../Frameworks",
				);
				MTL_FAST_MATH = YES;
				PRODUCT_BUNDLE_IDENTIFIER = com.andrew.CalculatorRPN.CalculatorCore;
				PRODUCT_NAME = "$(TARGET_NAME)";
				SKIP_INSTALL = YES;
				SWIFT_VERSION = 4.2;
				TARGETED_DEVICE_FAMILY = "1,2";
			};
			name = Release;
		};
/* End XCBuildConfiguration section */

/* Begin XCConfigurationList section */
		10CFE3E62152AEB200198236 /* Build configuration list for PBXProject "Calculator" */ = {
			isa = XCConfigurationList;
			buildConfigurations = (
				10CFE3FB2152AEB400198236 /* Debug */,
				10CFE3FC2152AEB400198236 /* Release */,
			);
			defaultConfigurationIsVisible = 0;
			defaultConfigurationName = Release;
		};
		10CFE3FD2152AEB400198236 /* Build configuration list for PBXNativeTarget "Calculator" */ = {
			isa = XCConfigurationList;
			buildConfigurations = (
				10CFE3FE2152AEB400198236 /* Debug */,
				10CFE3FF2152AEB400198236 /* Release */,
			);
			defaultConfigurationIsVisible = 0;
			defaultConfigurationName = Release;
		};
		10D9494E217EDF140086B3C6 /* Build configuration list for PBXNativeTarget "CalculatorCore" */ = {
			isa = XCConfigurationList;
			buildConfigurations = (
				10D9494F217EDF140086B3C6 /* Debug */,
				10D94950217EDF140086B3C6 /* Release */,
			);
			defaultConfigurationIsVisible = 0;
			defaultConfigurationName = Release;
		};
/* End XCConfigurationList section */
	};
	rootObject = 10CFE3E32152AEB200198236 /* Project object */;
}
