// !$*UTF8*$!
{
	archiveVersion = 1;
	classes = {
	};
	objectVersion = 50;
	objects = {

/* Begin PBXBuildFile section */
		3DE235ED2152AE1B003DEF74 /* RPN.framework in Frameworks */ = {isa = PBXBuildFile; fileRef = 3DE235E32152AE1B003DEF74 /* RPN.framework */; };
		3DE235F22152AE1B003DEF74 /* RPNTests.swift in Sources */ = {isa = PBXBuildFile; fileRef = 3DE235F12152AE1B003DEF74 /* RPNTests.swift */; };
		3DE235F42152AE1B003DEF74 /* RPN.h in Headers */ = {isa = PBXBuildFile; fileRef = 3DE235E62152AE1B003DEF74 /* RPN.h */; settings = {ATTRIBUTES = (Public, ); }; };
		3DE2363B2152B37A003DEF74 /* Stack.swift in Sources */ = {isa = PBXBuildFile; fileRef = 3DE2363A2152B37A003DEF74 /* Stack.swift */; };
		3DE2363D2152B6C6003DEF74 /* Calculator.swift in Sources */ = {isa = PBXBuildFile; fileRef = 3DE2363C2152B6C6003DEF74 /* Calculator.swift */; };
		3DE236432152BEEC003DEF74 /* DigitAccumulator.swift in Sources */ = {isa = PBXBuildFile; fileRef = 3DE236422152BEEC003DEF74 /* DigitAccumulator.swift */; };
/* End PBXBuildFile section */

/* Begin PBXContainerItemProxy section */
		3DE235EE2152AE1B003DEF74 /* PBXContainerItemProxy */ = {
			isa = PBXContainerItemProxy;
			containerPortal = 3DE235DA2152AE1B003DEF74 /* Project object */;
			proxyType = 1;
			remoteGlobalIDString = 3DE235E22152AE1B003DEF74;
			remoteInfo = RPN;
		};
/* End PBXContainerItemProxy section */

/* Begin PBXFileReference section */
		3DE235E32152AE1B003DEF74 /* RPN.framework */ = {isa = PBXFileReference; explicitFileType = wrapper.framework; includeInIndex = 0; path = RPN.framework; sourceTree = BUILT_PRODUCTS_DIR; };
		3DE235E62152AE1B003DEF74 /* RPN.h */ = {isa = PBXFileReference; lastKnownFileType = sourcecode.c.h; path = RPN.h; sourceTree = "<group>"; };
		3DE235E72152AE1B003DEF74 /* Info.plist */ = {isa = PBXFileReference; lastKnownFileType = text.plist.xml; path = Info.plist; sourceTree = "<group>"; };
		3DE235EC2152AE1B003DEF74 /* RPNTests.xctest */ = {isa = PBXFileReference; explicitFileType = wrapper.cfbundle; includeInIndex = 0; path = RPNTests.xctest; sourceTree = BUILT_PRODUCTS_DIR; };
		3DE235F12152AE1B003DEF74 /* RPNTests.swift */ = {isa = PBXFileReference; lastKnownFileType = sourcecode.swift; path = RPNTests.swift; sourceTree = "<group>"; };
		3DE235F32152AE1B003DEF74 /* Info.plist */ = {isa = PBXFileReference; lastKnownFileType = text.plist.xml; path = Info.plist; sourceTree = "<group>"; };
		3DE2363A2152B37A003DEF74 /* Stack.swift */ = {isa = PBXFileReference; lastKnownFileType = sourcecode.swift; path = Stack.swift; sourceTree = "<group>"; };
		3DE2363C2152B6C6003DEF74 /* Calculator.swift */ = {isa = PBXFileReference; lastKnownFileType = sourcecode.swift; path = Calculator.swift; sourceTree = "<group>"; };
		3DE236422152BEEC003DEF74 /* DigitAccumulator.swift */ = {isa = PBXFileReference; lastKnownFileType = sourcecode.swift; path = DigitAccumulator.swift; sourceTree = "<group>"; };
/* End PBXFileReference section */

/* Begin PBXFrameworksBuildPhase section */
		3DE235E02152AE1B003DEF74 /* Frameworks */ = {
			isa = PBXFrameworksBuildPhase;
			buildActionMask = 2147483647;
			files = (
			);
			runOnlyForDeploymentPostprocessing = 0;
		};
		3DE235E92152AE1B003DEF74 /* Frameworks */ = {
			isa = PBXFrameworksBuildPhase;
			buildActionMask = 2147483647;
			files = (
				3DE235ED2152AE1B003DEF74 /* RPN.framework in Frameworks */,
			);
			runOnlyForDeploymentPostprocessing = 0;
		};
/* End PBXFrameworksBuildPhase section */

/* Begin PBXGroup section */
		3DE235D92152AE1B003DEF74 = {
			isa = PBXGroup;
			children = (
				3DE235E52152AE1B003DEF74 /* RPN */,
				3DE235F02152AE1B003DEF74 /* RPNTests */,
				3DE235E42152AE1B003DEF74 /* Products */,
			);
			sourceTree = "<group>";
		};
		3DE235E42152AE1B003DEF74 /* Products */ = {
			isa = PBXGroup;
			children = (
				3DE235E32152AE1B003DEF74 /* RPN.framework */,
				3DE235EC2152AE1B003DEF74 /* RPNTests.xctest */,
			);
			name = Products;
			sourceTree = "<group>";
		};
		3DE235E52152AE1B003DEF74 /* RPN */ = {
			isa = PBXGroup;
			children = (
				3DE2363C2152B6C6003DEF74 /* Calculator.swift */,
				3DE2363A2152B37A003DEF74 /* Stack.swift */,
				3DE236422152BEEC003DEF74 /* DigitAccumulator.swift */,
				3DE235FD2152AE5A003DEF74 /* Other Sources */,
			);
			path = RPN;
			sourceTree = "<group>";
		};
		3DE235F02152AE1B003DEF74 /* RPNTests */ = {
			isa = PBXGroup;
			children = (
				3DE235F12152AE1B003DEF74 /* RPNTests.swift */,
				3DE235F32152AE1B003DEF74 /* Info.plist */,
			);
			path = RPNTests;
			sourceTree = "<group>";
		};
		3DE235FD2152AE5A003DEF74 /* Other Sources */ = {
			isa = PBXGroup;
			children = (
				3DE235E62152AE1B003DEF74 /* RPN.h */,
				3DE235E72152AE1B003DEF74 /* Info.plist */,
			);
			path = "Other Sources";
			sourceTree = "<group>";
		};
/* End PBXGroup section */

/* Begin PBXHeadersBuildPhase section */
		3DE235DE2152AE1B003DEF74 /* Headers */ = {
			isa = PBXHeadersBuildPhase;
			buildActionMask = 2147483647;
			files = (
				3DE235F42152AE1B003DEF74 /* RPN.h in Headers */,
			);
			runOnlyForDeploymentPostprocessing = 0;
		};
/* End PBXHeadersBuildPhase section */

/* Begin PBXNativeTarget section */
		3DE235E22152AE1B003DEF74 /* RPN */ = {
			isa = PBXNativeTarget;
			buildConfigurationList = 3DE235F72152AE1B003DEF74 /* Build configuration list for PBXNativeTarget "RPN" */;
			buildPhases = (
				3DE235DE2152AE1B003DEF74 /* Headers */,
				3DE235DF2152AE1B003DEF74 /* Sources */,
				3DE235E02152AE1B003DEF74 /* Frameworks */,
				3DE235E12152AE1B003DEF74 /* Resources */,
			);
			buildRules = (
			);
			dependencies = (
			);
			name = RPN;
			productName = RPN;
			productReference = 3DE235E32152AE1B003DEF74 /* RPN.framework */;
			productType = "com.apple.product-type.framework";
		};
		3DE235EB2152AE1B003DEF74 /* RPNTests */ = {
			isa = PBXNativeTarget;
			buildConfigurationList = 3DE235FA2152AE1B003DEF74 /* Build configuration list for PBXNativeTarget "RPNTests" */;
			buildPhases = (
				3DE235E82152AE1B003DEF74 /* Sources */,
				3DE235E92152AE1B003DEF74 /* Frameworks */,
				3DE235EA2152AE1B003DEF74 /* Resources */,
			);
			buildRules = (
			);
			dependencies = (
				3DE235EF2152AE1B003DEF74 /* PBXTargetDependency */,
			);
			name = RPNTests;
			productName = RPNTests;
			productReference = 3DE235EC2152AE1B003DEF74 /* RPNTests.xctest */;
			productType = "com.apple.product-type.bundle.unit-test";
		};
/* End PBXNativeTarget section */

/* Begin PBXProject section */
		3DE235DA2152AE1B003DEF74 /* Project object */ = {
			isa = PBXProject;
			attributes = {
				LastSwiftUpdateCheck = 1000;
				LastUpgradeCheck = 1000;
				ORGANIZATIONNAME = "De MicheliStefano";
				TargetAttributes = {
					3DE235E22152AE1B003DEF74 = {
						CreatedOnToolsVersion = 10.0;
						LastSwiftMigration = 1000;
					};
					3DE235EB2152AE1B003DEF74 = {
						CreatedOnToolsVersion = 10.0;
					};
				};
			};
			buildConfigurationList = 3DE235DD2152AE1B003DEF74 /* Build configuration list for PBXProject "RPN" */;
			compatibilityVersion = "Xcode 9.3";
			developmentRegion = en;
			hasScannedForEncodings = 0;
			knownRegions = (
				en,
			);
			mainGroup = 3DE235D92152AE1B003DEF74;
			productRefGroup = 3DE235E42152AE1B003DEF74 /* Products */;
			projectDirPath = "";
			projectRoot = "";
			targets = (
				3DE235E22152AE1B003DEF74 /* RPN */,
				3DE235EB2152AE1B003DEF74 /* RPNTests */,
			);
		};
/* End PBXProject section */

/* Begin PBXResourcesBuildPhase section */
		3DE235E12152AE1B003DEF74 /* Resources */ = {
			isa = PBXResourcesBuildPhase;
			buildActionMask = 2147483647;
			files = (
			);
			runOnlyForDeploymentPostprocessing = 0;
		};
		3DE235EA2152AE1B003DEF74 /* Resources */ = {
			isa = PBXResourcesBuildPhase;
			buildActionMask = 2147483647;
			files = (
			);
			runOnlyForDeploymentPostprocessing = 0;
		};
/* End PBXResourcesBuildPhase section */

/* Begin PBXSourcesBuildPhase section */
		3DE235DF2152AE1B003DEF74 /* Sources */ = {
			isa = PBXSourcesBuildPhase;
			buildActionMask = 2147483647;
			files = (
				3DE2363B2152B37A003DEF74 /* Stack.swift in Sources */,
				3DE236432152BEEC003DEF74 /* DigitAccumulator.swift in Sources */,
				3DE2363D2152B6C6003DEF74 /* Calculator.swift in Sources */,
			);
			runOnlyForDeploymentPostprocessing = 0;
		};
		3DE235E82152AE1B003DEF74 /* Sources */ = {
			isa = PBXSourcesBuildPhase;
			buildActionMask = 2147483647;
			files = (
				3DE235F22152AE1B003DEF74 /* RPNTests.swift in Sources */,
			);
			runOnlyForDeploymentPostprocessing = 0;
		};
/* End PBXSourcesBuildPhase section */

/* Begin PBXTargetDependency section */
		3DE235EF2152AE1B003DEF74 /* PBXTargetDependency */ = {
			isa = PBXTargetDependency;
			target = 3DE235E22152AE1B003DEF74 /* RPN */;
			targetProxy = 3DE235EE2152AE1B003DEF74 /* PBXContainerItemProxy */;
		};
/* End PBXTargetDependency section */

/* Begin XCBuildConfiguration section */
		3DE235F52152AE1B003DEF74 /* Debug */ = {
			isa = XCBuildConfiguration;
			buildSettings = {
				ALWAYS_SEARCH_USER_PATHS = NO;
				CLANG_ANALYZER_NONNULL = YES;
				CLANG_ANALYZER_NUMBER_OBJECT_CONVERSION = YES_AGGRESSIVE;
				CLANG_CXX_LANGUAGE_STANDARD = "gnu++14";
				CLANG_CXX_LIBRARY = "libc++";
				CLANG_ENABLE_MODULES = YES;
				CLANG_ENABLE_OBJC_ARC = YES;
				CLANG_ENABLE_OBJC_WEAK = YES;
				CLANG_WARN_BLOCK_CAPTURE_AUTORELEASING = YES;
				CLANG_WARN_BOOL_CONVERSION = YES;
				CLANG_WARN_COMMA = YES;
				CLANG_WARN_CONSTANT_CONVERSION = YES;
				CLANG_WARN_DEPRECATED_OBJC_IMPLEMENTATIONS = YES;
				CLANG_WARN_DIRECT_OBJC_ISA_USAGE = YES_ERROR;
				CLANG_WARN_DOCUMENTATION_COMMENTS = YES;
				CLANG_WARN_EMPTY_BODY = YES;
				CLANG_WARN_ENUM_CONVERSION = YES;
				CLANG_WARN_INFINITE_RECURSION = YES;
				CLANG_WARN_INT_CONVERSION = YES;
				CLANG_WARN_NON_LITERAL_NULL_CONVERSION = YES;
				CLANG_WARN_OBJC_IMPLICIT_RETAIN_SELF = YES;
				CLANG_WARN_OBJC_LITERAL_CONVERSION = YES;
				CLANG_WARN_OBJC_ROOT_CLASS = YES_ERROR;
				CLANG_WARN_RANGE_LOOP_ANALYSIS = YES;
				CLANG_WARN_STRICT_PROTOTYPES = YES;
				CLANG_WARN_SUSPICIOUS_MOVE = YES;
				CLANG_WARN_UNGUARDED_AVAILABILITY = YES_AGGRESSIVE;
				CLANG_WARN_UNREACHABLE_CODE = YES;
				CLANG_WARN__DUPLICATE_METHOD_MATCH = YES;
				CODE_SIGN_IDENTITY = "iPhone Developer";
				COPY_PHASE_STRIP = NO;
				CURRENT_PROJECT_VERSION = 1;
				DEBUG_INFORMATION_FORMAT = dwarf;
				ENABLE_STRICT_OBJC_MSGSEND = YES;
				ENABLE_TESTABILITY = YES;
				GCC_C_LANGUAGE_STANDARD = gnu11;
				GCC_DYNAMIC_NO_PIC = NO;
				GCC_NO_COMMON_BLOCKS = YES;
				GCC_OPTIMIZATION_LEVEL = 0;
				GCC_PREPROCESSOR_DEFINITIONS = (
					"DEBUG=1",
					"$(inherited)",
				);
				GCC_WARN_64_TO_32_BIT_CONVERSION = YES;
				GCC_WARN_ABOUT_RETURN_TYPE = YES_ERROR;
				GCC_WARN_UNDECLARED_SELECTOR = YES;
				GCC_WARN_UNINITIALIZED_AUTOS = YES_AGGRESSIVE;
				GCC_WARN_UNUSED_FUNCTION = YES;
				GCC_WARN_UNUSED_VARIABLE = YES;
				IPHONEOS_DEPLOYMENT_TARGET = 12.0;
				MTL_ENABLE_DEBUG_INFO = INCLUDE_SOURCE;
				MTL_FAST_MATH = YES;
				ONLY_ACTIVE_ARCH = YES;
				SDKROOT = iphoneos;
				SWIFT_ACTIVE_COMPILATION_CONDITIONS = DEBUG;
				SWIFT_OPTIMIZATION_LEVEL = "-Onone";
				VERSIONING_SYSTEM = "apple-generic";
				VERSION_INFO_PREFIX = "";
			};
			name = Debug;
		};
		3DE235F62152AE1B003DEF74 /* Release */ = {
			isa = XCBuildConfiguration;
			buildSettings = {
				ALWAYS_SEARCH_USER_PATHS = NO;
				CLANG_ANALYZER_NONNULL = YES;
				CLANG_ANALYZER_NUMBER_OBJECT_CONVERSION = YES_AGGRESSIVE;
				CLANG_CXX_LANGUAGE_STANDARD = "gnu++14";
				CLANG_CXX_LIBRARY = "libc++";
				CLANG_ENABLE_MODULES = YES;
				CLANG_ENABLE_OBJC_ARC = YES;
				CLANG_ENABLE_OBJC_WEAK = YES;
				CLANG_WARN_BLOCK_CAPTURE_AUTORELEASING = YES;
				CLANG_WARN_BOOL_CONVERSION = YES;
				CLANG_WARN_COMMA = YES;
				CLANG_WARN_CONSTANT_CONVERSION = YES;
				CLANG_WARN_DEPRECATED_OBJC_IMPLEMENTATIONS = YES;
				CLANG_WARN_DIRECT_OBJC_ISA_USAGE = YES_ERROR;
				CLANG_WARN_DOCUMENTATION_COMMENTS = YES;
				CLANG_WARN_EMPTY_BODY = YES;
				CLANG_WARN_ENUM_CONVERSION = YES;
				CLANG_WARN_INFINITE_RECURSION = YES;
				CLANG_WARN_INT_CONVERSION = YES;
				CLANG_WARN_NON_LITERAL_NULL_CONVERSION = YES;
				CLANG_WARN_OBJC_IMPLICIT_RETAIN_SELF = YES;
				CLANG_WARN_OBJC_LITERAL_CONVERSION = YES;
				CLANG_WARN_OBJC_ROOT_CLASS = YES_ERROR;
				CLANG_WARN_RANGE_LOOP_ANALYSIS = YES;
				CLANG_WARN_STRICT_PROTOTYPES = YES;
				CLANG_WARN_SUSPICIOUS_MOVE = YES;
				CLANG_WARN_UNGUARDED_AVAILABILITY = YES_AGGRESSIVE;
				CLANG_WARN_UNREACHABLE_CODE = YES;
				CLANG_WARN__DUPLICATE_METHOD_MATCH = YES;
				CODE_SIGN_IDENTITY = "iPhone Developer";
				COPY_PHASE_STRIP = NO;
				CURRENT_PROJECT_VERSION = 1;
				DEBUG_INFORMATION_FORMAT = "dwarf-with-dsym";
				ENABLE_NS_ASSERTIONS = NO;
				ENABLE_STRICT_OBJC_MSGSEND = YES;
				GCC_C_LANGUAGE_STANDARD = gnu11;
				GCC_NO_COMMON_BLOCKS = YES;
				GCC_WARN_64_TO_32_BIT_CONVERSION = YES;
				GCC_WARN_ABOUT_RETURN_TYPE = YES_ERROR;
				GCC_WARN_UNDECLARED_SELECTOR = YES;
				GCC_WARN_UNINITIALIZED_AUTOS = YES_AGGRESSIVE;
				GCC_WARN_UNUSED_FUNCTION = YES;
				GCC_WARN_UNUSED_VARIABLE = YES;
				IPHONEOS_DEPLOYMENT_TARGET = 12.0;
				MTL_ENABLE_DEBUG_INFO = NO;
				MTL_FAST_MATH = YES;
				SDKROOT = iphoneos;
				SWIFT_COMPILATION_MODE = wholemodule;
				SWIFT_OPTIMIZATION_LEVEL = "-O";
				VALIDATE_PRODUCT = YES;
				VERSIONING_SYSTEM = "apple-generic";
				VERSION_INFO_PREFIX = "";
			};
			name = Release;
		};
		3DE235F82152AE1B003DEF74 /* Debug */ = {
			isa = XCBuildConfiguration;
			buildSettings = {
				CLANG_ENABLE_MODULES = YES;
				CODE_SIGN_IDENTITY = "";
				CODE_SIGN_STYLE = Automatic;
				DEFINES_MODULE = YES;
				DEVELOPMENT_TEAM = 84BULQXU2Q;
				DYLIB_COMPATIBILITY_VERSION = 1;
				DYLIB_CURRENT_VERSION = 1;
				DYLIB_INSTALL_NAME_BASE = "@rpath";
				INFOPLIST_FILE = "$(SRCROOT)/RPN/Other Sources/Info.plist";
				INSTALL_PATH = "$(LOCAL_LIBRARY_DIR)/Frameworks";
				LD_RUNPATH_SEARCH_PATHS = (
					"$(inherited)",
					"@executable_path/Frameworks",
					"@loader_path/Frameworks",
				);
				PRODUCT_BUNDLE_IDENTIFIER = com.stefano.RPN;
				PRODUCT_NAME = "$(TARGET_NAME:c99extidentifier)";
				SKIP_INSTALL = YES;
				SWIFT_OPTIMIZATION_LEVEL = "-Onone";
				SWIFT_VERSION = 4.2;
				TARGETED_DEVICE_FAMILY = "1,2";
			};
			name = Debug;
		};
		3DE235F92152AE1B003DEF74 /* Release */ = {
			isa = XCBuildConfiguration;
			buildSettings = {
				CLANG_ENABLE_MODULES = YES;
				CODE_SIGN_IDENTITY = "";
				CODE_SIGN_STYLE = Automatic;
				DEFINES_MODULE = YES;
				DEVELOPMENT_TEAM = 84BULQXU2Q;
				DYLIB_COMPATIBILITY_VERSION = 1;
				DYLIB_CURRENT_VERSION = 1;
				DYLIB_INSTALL_NAME_BASE = "@rpath";
				INFOPLIST_FILE = "$(SRCROOT)/RPN/Other Sources/Info.plist";
				INSTALL_PATH = "$(LOCAL_LIBRARY_DIR)/Frameworks";
				LD_RUNPATH_SEARCH_PATHS = (
					"$(inherited)",
					"@executable_path/Frameworks",
					"@loader_path/Frameworks",
				);
				PRODUCT_BUNDLE_IDENTIFIER = com.stefano.RPN;
				PRODUCT_NAME = "$(TARGET_NAME:c99extidentifier)";
				SKIP_INSTALL = YES;
				SWIFT_VERSION = 4.2;
				TARGETED_DEVICE_FAMILY = "1,2";
			};
			name = Release;
		};
		3DE235FB2152AE1B003DEF74 /* Debug */ = {
			isa = XCBuildConfiguration;
			buildSettings = {
				ALWAYS_EMBED_SWIFT_STANDARD_LIBRARIES = YES;
				CODE_SIGN_STYLE = Automatic;
				DEVELOPMENT_TEAM = 84BULQXU2Q;
				INFOPLIST_FILE = RPNTests/Info.plist;
				LD_RUNPATH_SEARCH_PATHS = (
					"$(inherited)",
					"@executable_path/Frameworks",
					"@loader_path/Frameworks",
				);
				PRODUCT_BUNDLE_IDENTIFIER = com.stefano.RPNTests;
				PRODUCT_NAME = "$(TARGET_NAME)";
				SWIFT_VERSION = 4.2;
				TARGETED_DEVICE_FAMILY = "1,2";
			};
			name = Debug;
		};
		3DE235FC2152AE1B003DEF74 /* Release */ = {
			isa = XCBuildConfiguration;
			buildSettings = {
				ALWAYS_EMBED_SWIFT_STANDARD_LIBRARIES = YES;
				CODE_SIGN_STYLE = Automatic;
				DEVELOPMENT_TEAM = 84BULQXU2Q;
				INFOPLIST_FILE = RPNTests/Info.plist;
				LD_RUNPATH_SEARCH_PATHS = (
					"$(inherited)",
					"@executable_path/Frameworks",
					"@loader_path/Frameworks",
				);
				PRODUCT_BUNDLE_IDENTIFIER = com.stefano.RPNTests;
				PRODUCT_NAME = "$(TARGET_NAME)";
				SWIFT_VERSION = 4.2;
				TARGETED_DEVICE_FAMILY = "1,2";
			};
			name = Release;
		};
/* End XCBuildConfiguration section */

/* Begin XCConfigurationList section */
		3DE235DD2152AE1B003DEF74 /* Build configuration list for PBXProject "RPN" */ = {
			isa = XCConfigurationList;
			buildConfigurations = (
				3DE235F52152AE1B003DEF74 /* Debug */,
				3DE235F62152AE1B003DEF74 /* Release */,
			);
			defaultConfigurationIsVisible = 0;
			defaultConfigurationName = Release;
		};
		3DE235F72152AE1B003DEF74 /* Build configuration list for PBXNativeTarget "RPN" */ = {
			isa = XCConfigurationList;
			buildConfigurations = (
				3DE235F82152AE1B003DEF74 /* Debug */,
				3DE235F92152AE1B003DEF74 /* Release */,
			);
			defaultConfigurationIsVisible = 0;
			defaultConfigurationName = Release;
		};
		3DE235FA2152AE1B003DEF74 /* Build configuration list for PBXNativeTarget "RPNTests" */ = {
			isa = XCConfigurationList;
			buildConfigurations = (
				3DE235FB2152AE1B003DEF74 /* Debug */,
				3DE235FC2152AE1B003DEF74 /* Release */,
			);
			defaultConfigurationIsVisible = 0;
			defaultConfigurationName = Release;
		};
/* End XCConfigurationList section */
	};
	rootObject = 3DE235DA2152AE1B003DEF74 /* Project object */;
}
