// !$*UTF8*$!
{
	archiveVersion = 1;
	classes = {
	};
	objectVersion = 50;
	objects = {

/* Begin PBXBuildFile section */
		776192B52239688C00AE3AC4 /* AppDelegate.swift in Sources */ = {isa = PBXBuildFile; fileRef = 776192B42239688C00AE3AC4 /* AppDelegate.swift */; };
		776192BC2239688D00AE3AC4 /* Assets.xcassets in Resources */ = {isa = PBXBuildFile; fileRef = 776192BB2239688D00AE3AC4 /* Assets.xcassets */; };
		776192BF2239688D00AE3AC4 /* LaunchScreen.storyboard in Resources */ = {isa = PBXBuildFile; fileRef = 776192BD2239688D00AE3AC4 /* LaunchScreen.storyboard */; };
		776192CA2239688D00AE3AC4 /* CalculatorTests.swift in Sources */ = {isa = PBXBuildFile; fileRef = 776192C92239688D00AE3AC4 /* CalculatorTests.swift */; };
		776192E722396A0500AE3AC4 /* RPN.framework in Frameworks */ = {isa = PBXBuildFile; fileRef = 776192E4223968EA00AE3AC4 /* RPN.framework */; };
		776192E822396A0500AE3AC4 /* RPN.framework in Embed Frameworks */ = {isa = PBXBuildFile; fileRef = 776192E4223968EA00AE3AC4 /* RPN.framework */; settings = {ATTRIBUTES = (CodeSignOnCopy, RemoveHeadersOnCopy, ); }; };
		776192F322397B1500AE3AC4 /* CalculatorViewController.swift in Sources */ = {isa = PBXBuildFile; fileRef = 776192F222397B1500AE3AC4 /* CalculatorViewController.swift */; };
		776192F522397B3C00AE3AC4 /* Main.storyboard in Resources */ = {isa = PBXBuildFile; fileRef = 776192F422397B3C00AE3AC4 /* Main.storyboard */; };
		77E85E5422667F1A0053E220 /* NotificationCenter.framework in Frameworks */ = {isa = PBXBuildFile; fileRef = 77E85E5322667F1A0053E220 /* NotificationCenter.framework */; };
		77E85E5722667F1A0053E220 /* TodayViewController.swift in Sources */ = {isa = PBXBuildFile; fileRef = 77E85E5622667F1A0053E220 /* TodayViewController.swift */; };
		77E85E5A22667F1A0053E220 /* MainInterface.storyboard in Resources */ = {isa = PBXBuildFile; fileRef = 77E85E5822667F1A0053E220 /* MainInterface.storyboard */; };
		77E85E5E22667F1A0053E220 /* CalculatorWidget.appex in Embed App Extensions */ = {isa = PBXBuildFile; fileRef = 77E85E5222667F1A0053E220 /* CalculatorWidget.appex */; settings = {ATTRIBUTES = (RemoveHeadersOnCopy, ); }; };
		77E85E6422667F3C0053E220 /* RPN.framework in Frameworks */ = {isa = PBXBuildFile; fileRef = 776192E4223968EA00AE3AC4 /* RPN.framework */; };
/* End PBXBuildFile section */

/* Begin PBXContainerItemProxy section */
		776192C62239688D00AE3AC4 /* PBXContainerItemProxy */ = {
			isa = PBXContainerItemProxy;
			containerPortal = 776192A92239688C00AE3AC4 /* Project object */;
			proxyType = 1;
			remoteGlobalIDString = 776192B02239688C00AE3AC4;
			remoteInfo = Calculator;
		};
		776192E3223968EA00AE3AC4 /* PBXContainerItemProxy */ = {
			isa = PBXContainerItemProxy;
			containerPortal = 776192DE223968EA00AE3AC4 /* RPN.xcodeproj */;
			proxyType = 2;
			remoteGlobalIDString = 7761928D223967A300AE3AC4;
			remoteInfo = RPN;
		};
		776192E5223968EA00AE3AC4 /* PBXContainerItemProxy */ = {
			isa = PBXContainerItemProxy;
			containerPortal = 776192DE223968EA00AE3AC4 /* RPN.xcodeproj */;
			proxyType = 2;
			remoteGlobalIDString = 77619296223967A300AE3AC4;
			remoteInfo = RPNTests;
		};
		776192E922396A0500AE3AC4 /* PBXContainerItemProxy */ = {
			isa = PBXContainerItemProxy;
			containerPortal = 776192DE223968EA00AE3AC4 /* RPN.xcodeproj */;
			proxyType = 1;
			remoteGlobalIDString = 7761928C223967A300AE3AC4;
			remoteInfo = RPN;
		};
		77E85E5C22667F1A0053E220 /* PBXContainerItemProxy */ = {
			isa = PBXContainerItemProxy;
			containerPortal = 776192A92239688C00AE3AC4 /* Project object */;
			proxyType = 1;
			remoteGlobalIDString = 77E85E5122667F1A0053E220;
			remoteInfo = CalculatorWidget;
		};
/* End PBXContainerItemProxy section */

/* Begin PBXCopyFilesBuildPhase section */
		776192EB22396A0500AE3AC4 /* Embed Frameworks */ = {
			isa = PBXCopyFilesBuildPhase;
			buildActionMask = 2147483647;
			dstPath = "";
			dstSubfolderSpec = 10;
			files = (
				776192E822396A0500AE3AC4 /* RPN.framework in Embed Frameworks */,
			);
			name = "Embed Frameworks";
			runOnlyForDeploymentPostprocessing = 0;
		};
		77E85E6322667F1B0053E220 /* Embed App Extensions */ = {
			isa = PBXCopyFilesBuildPhase;
			buildActionMask = 2147483647;
			dstPath = "";
			dstSubfolderSpec = 13;
			files = (
				77E85E5E22667F1A0053E220 /* CalculatorWidget.appex in Embed App Extensions */,
			);
			name = "Embed App Extensions";
			runOnlyForDeploymentPostprocessing = 0;
		};
/* End PBXCopyFilesBuildPhase section */

/* Begin PBXFileReference section */
		776192B12239688C00AE3AC4 /* Calculator.app */ = {isa = PBXFileReference; explicitFileType = wrapper.application; includeInIndex = 0; path = Calculator.app; sourceTree = BUILT_PRODUCTS_DIR; };
		776192B42239688C00AE3AC4 /* AppDelegate.swift */ = {isa = PBXFileReference; lastKnownFileType = sourcecode.swift; path = AppDelegate.swift; sourceTree = "<group>"; };
		776192BB2239688D00AE3AC4 /* Assets.xcassets */ = {isa = PBXFileReference; lastKnownFileType = folder.assetcatalog; path = Assets.xcassets; sourceTree = "<group>"; };
		776192BE2239688D00AE3AC4 /* Base */ = {isa = PBXFileReference; lastKnownFileType = file.storyboard; name = Base; path = Base.lproj/LaunchScreen.storyboard; sourceTree = "<group>"; };
		776192C02239688D00AE3AC4 /* Info.plist */ = {isa = PBXFileReference; lastKnownFileType = text.plist.xml; path = Info.plist; sourceTree = "<group>"; };
		776192C52239688D00AE3AC4 /* CalculatorTests.xctest */ = {isa = PBXFileReference; explicitFileType = wrapper.cfbundle; includeInIndex = 0; path = CalculatorTests.xctest; sourceTree = BUILT_PRODUCTS_DIR; };
		776192C92239688D00AE3AC4 /* CalculatorTests.swift */ = {isa = PBXFileReference; lastKnownFileType = sourcecode.swift; path = CalculatorTests.swift; sourceTree = "<group>"; };
		776192CB2239688D00AE3AC4 /* Info.plist */ = {isa = PBXFileReference; lastKnownFileType = text.plist.xml; path = Info.plist; sourceTree = "<group>"; };
		776192DE223968EA00AE3AC4 /* RPN.xcodeproj */ = {isa = PBXFileReference; lastKnownFileType = "wrapper.pb-project"; name = RPN.xcodeproj; path = ../../RPN/RPN.xcodeproj; sourceTree = "<group>"; };
		776192F222397B1500AE3AC4 /* CalculatorViewController.swift */ = {isa = PBXFileReference; fileEncoding = 4; lastKnownFileType = sourcecode.swift; path = CalculatorViewController.swift; sourceTree = "<group>"; };
		776192F422397B3C00AE3AC4 /* Main.storyboard */ = {isa = PBXFileReference; fileEncoding = 4; lastKnownFileType = file.storyboard; path = Main.storyboard; sourceTree = "<group>"; };
		77E85E5222667F1A0053E220 /* CalculatorWidget.appex */ = {isa = PBXFileReference; explicitFileType = "wrapper.app-extension"; includeInIndex = 0; path = CalculatorWidget.appex; sourceTree = BUILT_PRODUCTS_DIR; };
		77E85E5322667F1A0053E220 /* NotificationCenter.framework */ = {isa = PBXFileReference; lastKnownFileType = wrapper.framework; name = NotificationCenter.framework; path = System/Library/Frameworks/NotificationCenter.framework; sourceTree = SDKROOT; };
		77E85E5622667F1A0053E220 /* TodayViewController.swift */ = {isa = PBXFileReference; lastKnownFileType = sourcecode.swift; path = TodayViewController.swift; sourceTree = "<group>"; };
		77E85E5922667F1A0053E220 /* Base */ = {isa = PBXFileReference; lastKnownFileType = file.storyboard; name = Base; path = Base.lproj/MainInterface.storyboard; sourceTree = "<group>"; };
		77E85E5B22667F1A0053E220 /* Info.plist */ = {isa = PBXFileReference; lastKnownFileType = text.plist.xml; path = Info.plist; sourceTree = "<group>"; };
		77E85E6622668DC10053E220 /* Calculator.entitlements */ = {isa = PBXFileReference; lastKnownFileType = text.plist.entitlements; path = Calculator.entitlements; sourceTree = "<group>"; };
		77E85E6722668DE90053E220 /* CalculatorWidget.entitlements */ = {isa = PBXFileReference; lastKnownFileType = text.plist.entitlements; path = CalculatorWidget.entitlements; sourceTree = "<group>"; };
/* End PBXFileReference section */

/* Begin PBXFrameworksBuildPhase section */
		776192AE2239688C00AE3AC4 /* Frameworks */ = {
			isa = PBXFrameworksBuildPhase;
			buildActionMask = 2147483647;
			files = (
				776192E722396A0500AE3AC4 /* RPN.framework in Frameworks */,
			);
			runOnlyForDeploymentPostprocessing = 0;
		};
		776192C22239688D00AE3AC4 /* Frameworks */ = {
			isa = PBXFrameworksBuildPhase;
			buildActionMask = 2147483647;
			files = (
			);
			runOnlyForDeploymentPostprocessing = 0;
		};
		77E85E4F22667F1A0053E220 /* Frameworks */ = {
			isa = PBXFrameworksBuildPhase;
			buildActionMask = 2147483647;
			files = (
				77E85E5422667F1A0053E220 /* NotificationCenter.framework in Frameworks */,
				77E85E6422667F3C0053E220 /* RPN.framework in Frameworks */,
			);
			runOnlyForDeploymentPostprocessing = 0;
		};
/* End PBXFrameworksBuildPhase section */

/* Begin PBXGroup section */
		776192A82239688C00AE3AC4 = {
			isa = PBXGroup;
			children = (
				776192B32239688C00AE3AC4 /* Calculator */,
				776192C82239688D00AE3AC4 /* CalculatorTests */,
				77E85E5522667F1A0053E220 /* CalculatorWidget */,
				776192DD223968D900AE3AC4 /* Frameworks */,
				776192B22239688C00AE3AC4 /* Products */,
			);
			sourceTree = "<group>";
		};
		776192B22239688C00AE3AC4 /* Products */ = {
			isa = PBXGroup;
			children = (
				776192B12239688C00AE3AC4 /* Calculator.app */,
				776192C52239688D00AE3AC4 /* CalculatorTests.xctest */,
				77E85E5222667F1A0053E220 /* CalculatorWidget.appex */,
			);
			name = Products;
			sourceTree = "<group>";
		};
		776192B32239688C00AE3AC4 /* Calculator */ = {
			isa = PBXGroup;
			children = (
				77E85E6622668DC10053E220 /* Calculator.entitlements */,
				776192B42239688C00AE3AC4 /* AppDelegate.swift */,
				776192F222397B1500AE3AC4 /* CalculatorViewController.swift */,
				776192F422397B3C00AE3AC4 /* Main.storyboard */,
				776192BB2239688D00AE3AC4 /* Assets.xcassets */,
				776192BD2239688D00AE3AC4 /* LaunchScreen.storyboard */,
				776192C02239688D00AE3AC4 /* Info.plist */,
			);
			path = Calculator;
			sourceTree = "<group>";
		};
		776192C82239688D00AE3AC4 /* CalculatorTests */ = {
			isa = PBXGroup;
			children = (
				776192C92239688D00AE3AC4 /* CalculatorTests.swift */,
				776192CB2239688D00AE3AC4 /* Info.plist */,
			);
			path = CalculatorTests;
			sourceTree = "<group>";
		};
		776192DD223968D900AE3AC4 /* Frameworks */ = {
			isa = PBXGroup;
			children = (
				776192DE223968EA00AE3AC4 /* RPN.xcodeproj */,
				77E85E5322667F1A0053E220 /* NotificationCenter.framework */,
			);
			path = Frameworks;
			sourceTree = "<group>";
		};
		776192DF223968EA00AE3AC4 /* Products */ = {
			isa = PBXGroup;
			children = (
				776192E4223968EA00AE3AC4 /* RPN.framework */,
				776192E6223968EA00AE3AC4 /* RPNTests.xctest */,
			);
			name = Products;
			sourceTree = "<group>";
		};
		77E85E5522667F1A0053E220 /* CalculatorWidget */ = {
			isa = PBXGroup;
			children = (
				77E85E6722668DE90053E220 /* CalculatorWidget.entitlements */,
				77E85E5622667F1A0053E220 /* TodayViewController.swift */,
				77E85E5822667F1A0053E220 /* MainInterface.storyboard */,
				77E85E5B22667F1A0053E220 /* Info.plist */,
			);
			path = CalculatorWidget;
			sourceTree = "<group>";
		};
/* End PBXGroup section */

/* Begin PBXNativeTarget section */
		776192B02239688C00AE3AC4 /* Calculator */ = {
			isa = PBXNativeTarget;
			buildConfigurationList = 776192CE2239688D00AE3AC4 /* Build configuration list for PBXNativeTarget "Calculator" */;
			buildPhases = (
				776192AD2239688C00AE3AC4 /* Sources */,
				776192AE2239688C00AE3AC4 /* Frameworks */,
				776192AF2239688C00AE3AC4 /* Resources */,
				776192EB22396A0500AE3AC4 /* Embed Frameworks */,
				77E85E6322667F1B0053E220 /* Embed App Extensions */,
			);
			buildRules = (
			);
			dependencies = (
				776192EA22396A0500AE3AC4 /* PBXTargetDependency */,
				77E85E5D22667F1A0053E220 /* PBXTargetDependency */,
			);
			name = Calculator;
			productName = Calculator;
			productReference = 776192B12239688C00AE3AC4 /* Calculator.app */;
			productType = "com.apple.product-type.application";
		};
		776192C42239688D00AE3AC4 /* CalculatorTests */ = {
			isa = PBXNativeTarget;
			buildConfigurationList = 776192D12239688D00AE3AC4 /* Build configuration list for PBXNativeTarget "CalculatorTests" */;
			buildPhases = (
				776192C12239688D00AE3AC4 /* Sources */,
				776192C22239688D00AE3AC4 /* Frameworks */,
				776192C32239688D00AE3AC4 /* Resources */,
			);
			buildRules = (
			);
			dependencies = (
				776192C72239688D00AE3AC4 /* PBXTargetDependency */,
			);
			name = CalculatorTests;
			productName = CalculatorTests;
			productReference = 776192C52239688D00AE3AC4 /* CalculatorTests.xctest */;
			productType = "com.apple.product-type.bundle.unit-test";
		};
		77E85E5122667F1A0053E220 /* CalculatorWidget */ = {
			isa = PBXNativeTarget;
			buildConfigurationList = 77E85E6222667F1B0053E220 /* Build configuration list for PBXNativeTarget "CalculatorWidget" */;
			buildPhases = (
				77E85E4E22667F1A0053E220 /* Sources */,
				77E85E4F22667F1A0053E220 /* Frameworks */,
				77E85E5022667F1A0053E220 /* Resources */,
			);
			buildRules = (
			);
			dependencies = (
			);
			name = CalculatorWidget;
			productName = CalculatorWidget;
			productReference = 77E85E5222667F1A0053E220 /* CalculatorWidget.appex */;
			productType = "com.apple.product-type.app-extension";
		};
/* End PBXNativeTarget section */

/* Begin PBXProject section */
		776192A92239688C00AE3AC4 /* Project object */ = {
			isa = PBXProject;
			attributes = {
				LastSwiftUpdateCheck = 1020;
				LastUpgradeCheck = 1010;
				ORGANIZATIONNAME = "Nathanael Youngren";
				TargetAttributes = {
					776192B02239688C00AE3AC4 = {
						CreatedOnToolsVersion = 10.1;
						LastSwiftMigration = 1020;
						SystemCapabilities = {
							com.apple.ApplicationGroups.iOS = {
								enabled = 1;
							};
						};
					};
					776192C42239688D00AE3AC4 = {
						CreatedOnToolsVersion = 10.1;
						LastSwiftMigration = 1020;
						TestTargetID = 776192B02239688C00AE3AC4;
					};
					77E85E5122667F1A0053E220 = {
						CreatedOnToolsVersion = 10.2;
						SystemCapabilities = {
							com.apple.ApplicationGroups.iOS = {
								enabled = 1;
							};
						};
					};
				};
			};
			buildConfigurationList = 776192AC2239688C00AE3AC4 /* Build configuration list for PBXProject "Calculator" */;
			compatibilityVersion = "Xcode 9.3";
			developmentRegion = en;
			hasScannedForEncodings = 0;
			knownRegions = (
				en,
				Base,
			);
			mainGroup = 776192A82239688C00AE3AC4;
			productRefGroup = 776192B22239688C00AE3AC4 /* Products */;
			projectDirPath = "";
			projectReferences = (
				{
					ProductGroup = 776192DF223968EA00AE3AC4 /* Products */;
					ProjectRef = 776192DE223968EA00AE3AC4 /* RPN.xcodeproj */;
				},
			);
			projectRoot = "";
			targets = (
				776192B02239688C00AE3AC4 /* Calculator */,
				776192C42239688D00AE3AC4 /* CalculatorTests */,
				77E85E5122667F1A0053E220 /* CalculatorWidget */,
			);
		};
/* End PBXProject section */

/* Begin PBXReferenceProxy section */
		776192E4223968EA00AE3AC4 /* RPN.framework */ = {
			isa = PBXReferenceProxy;
			fileType = wrapper.framework;
			path = RPN.framework;
			remoteRef = 776192E3223968EA00AE3AC4 /* PBXContainerItemProxy */;
			sourceTree = BUILT_PRODUCTS_DIR;
		};
		776192E6223968EA00AE3AC4 /* RPNTests.xctest */ = {
			isa = PBXReferenceProxy;
			fileType = wrapper.cfbundle;
			path = RPNTests.xctest;
			remoteRef = 776192E5223968EA00AE3AC4 /* PBXContainerItemProxy */;
			sourceTree = BUILT_PRODUCTS_DIR;
		};
/* End PBXReferenceProxy section */

/* Begin PBXResourcesBuildPhase section */
		776192AF2239688C00AE3AC4 /* Resources */ = {
			isa = PBXResourcesBuildPhase;
			buildActionMask = 2147483647;
			files = (
				776192F522397B3C00AE3AC4 /* Main.storyboard in Resources */,
				776192BF2239688D00AE3AC4 /* LaunchScreen.storyboard in Resources */,
				776192BC2239688D00AE3AC4 /* Assets.xcassets in Resources */,
			);
			runOnlyForDeploymentPostprocessing = 0;
		};
		776192C32239688D00AE3AC4 /* Resources */ = {
			isa = PBXResourcesBuildPhase;
			buildActionMask = 2147483647;
			files = (
			);
			runOnlyForDeploymentPostprocessing = 0;
		};
		77E85E5022667F1A0053E220 /* Resources */ = {
			isa = PBXResourcesBuildPhase;
			buildActionMask = 2147483647;
			files = (
				77E85E5A22667F1A0053E220 /* MainInterface.storyboard in Resources */,
			);
			runOnlyForDeploymentPostprocessing = 0;
		};
/* End PBXResourcesBuildPhase section */

/* Begin PBXSourcesBuildPhase section */
		776192AD2239688C00AE3AC4 /* Sources */ = {
			isa = PBXSourcesBuildPhase;
			buildActionMask = 2147483647;
			files = (
				776192F322397B1500AE3AC4 /* CalculatorViewController.swift in Sources */,
				776192B52239688C00AE3AC4 /* AppDelegate.swift in Sources */,
			);
			runOnlyForDeploymentPostprocessing = 0;
		};
		776192C12239688D00AE3AC4 /* Sources */ = {
			isa = PBXSourcesBuildPhase;
			buildActionMask = 2147483647;
			files = (
				776192CA2239688D00AE3AC4 /* CalculatorTests.swift in Sources */,
			);
			runOnlyForDeploymentPostprocessing = 0;
		};
		77E85E4E22667F1A0053E220 /* Sources */ = {
			isa = PBXSourcesBuildPhase;
			buildActionMask = 2147483647;
			files = (
				77E85E5722667F1A0053E220 /* TodayViewController.swift in Sources */,
			);
			runOnlyForDeploymentPostprocessing = 0;
		};
/* End PBXSourcesBuildPhase section */

/* Begin PBXTargetDependency section */
		776192C72239688D00AE3AC4 /* PBXTargetDependency */ = {
			isa = PBXTargetDependency;
			target = 776192B02239688C00AE3AC4 /* Calculator */;
			targetProxy = 776192C62239688D00AE3AC4 /* PBXContainerItemProxy */;
		};
		776192EA22396A0500AE3AC4 /* PBXTargetDependency */ = {
			isa = PBXTargetDependency;
			name = RPN;
			targetProxy = 776192E922396A0500AE3AC4 /* PBXContainerItemProxy */;
		};
		77E85E5D22667F1A0053E220 /* PBXTargetDependency */ = {
			isa = PBXTargetDependency;
			target = 77E85E5122667F1A0053E220 /* CalculatorWidget */;
			targetProxy = 77E85E5C22667F1A0053E220 /* PBXContainerItemProxy */;
		};
/* End PBXTargetDependency section */

/* Begin PBXVariantGroup section */
		776192BD2239688D00AE3AC4 /* LaunchScreen.storyboard */ = {
			isa = PBXVariantGroup;
			children = (
				776192BE2239688D00AE3AC4 /* Base */,
			);
			name = LaunchScreen.storyboard;
			sourceTree = "<group>";
		};
		77E85E5822667F1A0053E220 /* MainInterface.storyboard */ = {
			isa = PBXVariantGroup;
			children = (
				77E85E5922667F1A0053E220 /* Base */,
			);
			name = MainInterface.storyboard;
			sourceTree = "<group>";
		};
/* End PBXVariantGroup section */

/* Begin XCBuildConfiguration section */
		776192CC2239688D00AE3AC4 /* Debug */ = {
			isa = XCBuildConfiguration;
			buildSettings = {
				ALWAYS_SEARCH_USER_PATHS = NO;
				CLANG_ANALYZER_NONNULL = YES;
				CLANG_ANALYZER_NUMBER_OBJECT_CONVERSION = YES_AGGRESSIVE;
				CLANG_CXX_LANGUAGE_STANDARD = "gnu++14";
				CLANG_CXX_LIBRARY = "libc++";
				CLANG_ENABLE_MODULES = YES;
				CLANG_ENABLE_OBJC_ARC = YES;
				CLANG_ENABLE_OBJC_WEAK = YES;
				CLANG_WARN_BLOCK_CAPTURE_AUTORELEASING = YES;
				CLANG_WARN_BOOL_CONVERSION = YES;
				CLANG_WARN_COMMA = YES;
				CLANG_WARN_CONSTANT_CONVERSION = YES;
				CLANG_WARN_DEPRECATED_OBJC_IMPLEMENTATIONS = YES;
				CLANG_WARN_DIRECT_OBJC_ISA_USAGE = YES_ERROR;
				CLANG_WARN_DOCUMENTATION_COMMENTS = YES;
				CLANG_WARN_EMPTY_BODY = YES;
				CLANG_WARN_ENUM_CONVERSION = YES;
				CLANG_WARN_INFINITE_RECURSION = YES;
				CLANG_WARN_INT_CONVERSION = YES;
				CLANG_WARN_NON_LITERAL_NULL_CONVERSION = YES;
				CLANG_WARN_OBJC_IMPLICIT_RETAIN_SELF = YES;
				CLANG_WARN_OBJC_LITERAL_CONVERSION = YES;
				CLANG_WARN_OBJC_ROOT_CLASS = YES_ERROR;
				CLANG_WARN_RANGE_LOOP_ANALYSIS = YES;
				CLANG_WARN_STRICT_PROTOTYPES = YES;
				CLANG_WARN_SUSPICIOUS_MOVE = YES;
				CLANG_WARN_UNGUARDED_AVAILABILITY = YES_AGGRESSIVE;
				CLANG_WARN_UNREACHABLE_CODE = YES;
				CLANG_WARN__DUPLICATE_METHOD_MATCH = YES;
				CODE_SIGN_IDENTITY = "iPhone Developer";
				COPY_PHASE_STRIP = NO;
				DEBUG_INFORMATION_FORMAT = dwarf;
				ENABLE_STRICT_OBJC_MSGSEND = YES;
				ENABLE_TESTABILITY = YES;
				GCC_C_LANGUAGE_STANDARD = gnu11;
				GCC_DYNAMIC_NO_PIC = NO;
				GCC_NO_COMMON_BLOCKS = YES;
				GCC_OPTIMIZATION_LEVEL = 0;
				GCC_PREPROCESSOR_DEFINITIONS = (
					"DEBUG=1",
					"$(inherited)",
				);
				GCC_WARN_64_TO_32_BIT_CONVERSION = YES;
				GCC_WARN_ABOUT_RETURN_TYPE = YES_ERROR;
				GCC_WARN_UNDECLARED_SELECTOR = YES;
				GCC_WARN_UNINITIALIZED_AUTOS = YES_AGGRESSIVE;
				GCC_WARN_UNUSED_FUNCTION = YES;
				GCC_WARN_UNUSED_VARIABLE = YES;
				IPHONEOS_DEPLOYMENT_TARGET = 12.1;
				MTL_ENABLE_DEBUG_INFO = INCLUDE_SOURCE;
				MTL_FAST_MATH = YES;
				ONLY_ACTIVE_ARCH = YES;
				SDKROOT = iphoneos;
				SWIFT_ACTIVE_COMPILATION_CONDITIONS = DEBUG;
				SWIFT_OPTIMIZATION_LEVEL = "-Onone";
			};
			name = Debug;
		};
		776192CD2239688D00AE3AC4 /* Release */ = {
			isa = XCBuildConfiguration;
			buildSettings = {
				ALWAYS_SEARCH_USER_PATHS = NO;
				CLANG_ANALYZER_NONNULL = YES;
				CLANG_ANALYZER_NUMBER_OBJECT_CONVERSION = YES_AGGRESSIVE;
				CLANG_CXX_LANGUAGE_STANDARD = "gnu++14";
				CLANG_CXX_LIBRARY = "libc++";
				CLANG_ENABLE_MODULES = YES;
				CLANG_ENABLE_OBJC_ARC = YES;
				CLANG_ENABLE_OBJC_WEAK = YES;
				CLANG_WARN_BLOCK_CAPTURE_AUTORELEASING = YES;
				CLANG_WARN_BOOL_CONVERSION = YES;
				CLANG_WARN_COMMA = YES;
				CLANG_WARN_CONSTANT_CONVERSION = YES;
				CLANG_WARN_DEPRECATED_OBJC_IMPLEMENTATIONS = YES;
				CLANG_WARN_DIRECT_OBJC_ISA_USAGE = YES_ERROR;
				CLANG_WARN_DOCUMENTATION_COMMENTS = YES;
				CLANG_WARN_EMPTY_BODY = YES;
				CLANG_WARN_ENUM_CONVERSION = YES;
				CLANG_WARN_INFINITE_RECURSION = YES;
				CLANG_WARN_INT_CONVERSION = YES;
				CLANG_WARN_NON_LITERAL_NULL_CONVERSION = YES;
				CLANG_WARN_OBJC_IMPLICIT_RETAIN_SELF = YES;
				CLANG_WARN_OBJC_LITERAL_CONVERSION = YES;
				CLANG_WARN_OBJC_ROOT_CLASS = YES_ERROR;
				CLANG_WARN_RANGE_LOOP_ANALYSIS = YES;
				CLANG_WARN_STRICT_PROTOTYPES = YES;
				CLANG_WARN_SUSPICIOUS_MOVE = YES;
				CLANG_WARN_UNGUARDED_AVAILABILITY = YES_AGGRESSIVE;
				CLANG_WARN_UNREACHABLE_CODE = YES;
				CLANG_WARN__DUPLICATE_METHOD_MATCH = YES;
				CODE_SIGN_IDENTITY = "iPhone Developer";
				COPY_PHASE_STRIP = NO;
				DEBUG_INFORMATION_FORMAT = "dwarf-with-dsym";
				ENABLE_NS_ASSERTIONS = NO;
				ENABLE_STRICT_OBJC_MSGSEND = YES;
				GCC_C_LANGUAGE_STANDARD = gnu11;
				GCC_NO_COMMON_BLOCKS = YES;
				GCC_WARN_64_TO_32_BIT_CONVERSION = YES;
				GCC_WARN_ABOUT_RETURN_TYPE = YES_ERROR;
				GCC_WARN_UNDECLARED_SELECTOR = YES;
				GCC_WARN_UNINITIALIZED_AUTOS = YES_AGGRESSIVE;
				GCC_WARN_UNUSED_FUNCTION = YES;
				GCC_WARN_UNUSED_VARIABLE = YES;
				IPHONEOS_DEPLOYMENT_TARGET = 12.1;
				MTL_ENABLE_DEBUG_INFO = NO;
				MTL_FAST_MATH = YES;
				SDKROOT = iphoneos;
				SWIFT_COMPILATION_MODE = wholemodule;
				SWIFT_OPTIMIZATION_LEVEL = "-O";
				VALIDATE_PRODUCT = YES;
			};
			name = Release;
		};
		776192CF2239688D00AE3AC4 /* Debug */ = {
			isa = XCBuildConfiguration;
			buildSettings = {
				ALWAYS_EMBED_SWIFT_STANDARD_LIBRARIES = YES;
				ASSETCATALOG_COMPILER_APPICON_NAME = AppIcon;
				CODE_SIGN_ENTITLEMENTS = Calculator/Calculator.entitlements;
				CODE_SIGN_STYLE = Automatic;
				DEVELOPMENT_TEAM = HBKK7B5HAP;
				INFOPLIST_FILE = Calculator/Info.plist;
				LD_RUNPATH_SEARCH_PATHS = (
					"$(inherited)",
					"@executable_path/Frameworks",
				);
				PRODUCT_BUNDLE_IDENTIFIER = com.nateyoungren.Calculator;
				PRODUCT_NAME = "$(TARGET_NAME)";
				SWIFT_VERSION = 5.0;
				TARGETED_DEVICE_FAMILY = "1,2";
			};
			name = Debug;
		};
		776192D02239688D00AE3AC4 /* Release */ = {
			isa = XCBuildConfiguration;
			buildSettings = {
				ALWAYS_EMBED_SWIFT_STANDARD_LIBRARIES = YES;
				ASSETCATALOG_COMPILER_APPICON_NAME = AppIcon;
				CODE_SIGN_ENTITLEMENTS = Calculator/Calculator.entitlements;
				CODE_SIGN_STYLE = Automatic;
				DEVELOPMENT_TEAM = HBKK7B5HAP;
				INFOPLIST_FILE = Calculator/Info.plist;
				LD_RUNPATH_SEARCH_PATHS = (
					"$(inherited)",
					"@executable_path/Frameworks",
				);
				PRODUCT_BUNDLE_IDENTIFIER = com.nateyoungren.Calculator;
				PRODUCT_NAME = "$(TARGET_NAME)";
				SWIFT_VERSION = 5.0;
				TARGETED_DEVICE_FAMILY = "1,2";
			};
			name = Release;
		};
		776192D22239688D00AE3AC4 /* Debug */ = {
			isa = XCBuildConfiguration;
			buildSettings = {
				ALWAYS_EMBED_SWIFT_STANDARD_LIBRARIES = YES;
				BUNDLE_LOADER = "$(TEST_HOST)";
				CODE_SIGN_STYLE = Automatic;
				DEVELOPMENT_TEAM = HBKK7B5HAP;
				INFOPLIST_FILE = CalculatorTests/Info.plist;
				LD_RUNPATH_SEARCH_PATHS = (
					"$(inherited)",
					"@executable_path/Frameworks",
					"@loader_path/Frameworks",
				);
				PRODUCT_BUNDLE_IDENTIFIER = com.nateyoungren.CalculatorTests;
				PRODUCT_NAME = "$(TARGET_NAME)";
				SWIFT_VERSION = 5.0;
				TARGETED_DEVICE_FAMILY = "1,2";
				TEST_HOST = "$(BUILT_PRODUCTS_DIR)/Calculator.app/Calculator";
			};
			name = Debug;
		};
		776192D32239688D00AE3AC4 /* Release */ = {
			isa = XCBuildConfiguration;
			buildSettings = {
				ALWAYS_EMBED_SWIFT_STANDARD_LIBRARIES = YES;
				BUNDLE_LOADER = "$(TEST_HOST)";
				CODE_SIGN_STYLE = Automatic;
				DEVELOPMENT_TEAM = HBKK7B5HAP;
				INFOPLIST_FILE = CalculatorTests/Info.plist;
				LD_RUNPATH_SEARCH_PATHS = (
					"$(inherited)",
					"@executable_path/Frameworks",
					"@loader_path/Frameworks",
				);
				PRODUCT_BUNDLE_IDENTIFIER = com.nateyoungren.CalculatorTests;
				PRODUCT_NAME = "$(TARGET_NAME)";
				SWIFT_VERSION = 5.0;
				TARGETED_DEVICE_FAMILY = "1,2";
				TEST_HOST = "$(BUILT_PRODUCTS_DIR)/Calculator.app/Calculator";
			};
			name = Release;
		};
		77E85E5F22667F1A0053E220 /* Debug */ = {
			isa = XCBuildConfiguration;
			buildSettings = {
				APPLICATION_EXTENSION_API_ONLY = NO;
				CODE_SIGN_ENTITLEMENTS = CalculatorWidget/CalculatorWidget.entitlements;
				CODE_SIGN_STYLE = Automatic;
				DEVELOPMENT_TEAM = HBKK7B5HAP;
				INFOPLIST_FILE = CalculatorWidget/Info.plist;
				IPHONEOS_DEPLOYMENT_TARGET = 12.2;
				LD_RUNPATH_SEARCH_PATHS = (
					"$(inherited)",
					"@executable_path/Frameworks",
					"@executable_path/../../Frameworks",
				);
				PRODUCT_BUNDLE_IDENTIFIER = com.nateyoungren.Calculator.CalculatorWidget;
				PRODUCT_NAME = "$(TARGET_NAME)";
				SKIP_INSTALL = YES;
				SWIFT_VERSION = 5.0;
				TARGETED_DEVICE_FAMILY = "1,2";
			};
			name = Debug;
		};
		77E85E6022667F1A0053E220 /* Release */ = {
			isa = XCBuildConfiguration;
			buildSettings = {
				APPLICATION_EXTENSION_API_ONLY = NO;
				CODE_SIGN_ENTITLEMENTS = CalculatorWidget/CalculatorWidget.entitlements;
				CODE_SIGN_STYLE = Automatic;
				DEVELOPMENT_TEAM = HBKK7B5HAP;
				INFOPLIST_FILE = CalculatorWidget/Info.plist;
				IPHONEOS_DEPLOYMENT_TARGET = 12.2;
				LD_RUNPATH_SEARCH_PATHS = (
					"$(inherited)",
					"@executable_path/Frameworks",
					"@executable_path/../../Frameworks",
				);
				PRODUCT_BUNDLE_IDENTIFIER = com.nateyoungren.Calculator.CalculatorWidget;
				PRODUCT_NAME = "$(TARGET_NAME)";
				SKIP_INSTALL = YES;
				SWIFT_VERSION = 5.0;
				TARGETED_DEVICE_FAMILY = "1,2";
			};
			name = Release;
		};
/* End XCBuildConfiguration section */

/* Begin XCConfigurationList section */
		776192AC2239688C00AE3AC4 /* Build configuration list for PBXProject "Calculator" */ = {
			isa = XCConfigurationList;
			buildConfigurations = (
				776192CC2239688D00AE3AC4 /* Debug */,
				776192CD2239688D00AE3AC4 /* Release */,
			);
			defaultConfigurationIsVisible = 0;
			defaultConfigurationName = Release;
		};
		776192CE2239688D00AE3AC4 /* Build configuration list for PBXNativeTarget "Calculator" */ = {
			isa = XCConfigurationList;
			buildConfigurations = (
				776192CF2239688D00AE3AC4 /* Debug */,
				776192D02239688D00AE3AC4 /* Release */,
			);
			defaultConfigurationIsVisible = 0;
			defaultConfigurationName = Release;
		};
		776192D12239688D00AE3AC4 /* Build configuration list for PBXNativeTarget "CalculatorTests" */ = {
			isa = XCConfigurationList;
			buildConfigurations = (
				776192D22239688D00AE3AC4 /* Debug */,
				776192D32239688D00AE3AC4 /* Release */,
			);
			defaultConfigurationIsVisible = 0;
			defaultConfigurationName = Release;
		};
		77E85E6222667F1B0053E220 /* Build configuration list for PBXNativeTarget "CalculatorWidget" */ = {
			isa = XCConfigurationList;
			buildConfigurations = (
				77E85E5F22667F1A0053E220 /* Debug */,
				77E85E6022667F1A0053E220 /* Release */,
			);
			defaultConfigurationIsVisible = 0;
			defaultConfigurationName = Release;
		};
/* End XCConfigurationList section */
	};
	rootObject = 776192A92239688C00AE3AC4 /* Project object */;
}
