// !$*UTF8*$!
{
	archiveVersion = 1;
	classes = {
	};
	objectVersion = 50;
	objects = {

/* Begin PBXBuildFile section */
		3919C7F12152AEBC002E1476 /* AppDelegate.swift in Sources */ = {isa = PBXBuildFile; fileRef = 3919C7F02152AEBC002E1476 /* AppDelegate.swift */; };
		3919C7F82152AEBC002E1476 /* Assets.xcassets in Resources */ = {isa = PBXBuildFile; fileRef = 3919C7F72152AEBC002E1476 /* Assets.xcassets */; };
		3919C7FB2152AEBC002E1476 /* LaunchScreen.storyboard in Resources */ = {isa = PBXBuildFile; fileRef = 3919C7F92152AEBC002E1476 /* LaunchScreen.storyboard */; };
		3919C8132152BD51002E1476 /* CalculatorViewController.swift in Sources */ = {isa = PBXBuildFile; fileRef = 3919C8122152BD51002E1476 /* CalculatorViewController.swift */; };
		3919C8152152BD66002E1476 /* Main.storyboard in Resources */ = {isa = PBXBuildFile; fileRef = 3919C8142152BD66002E1476 /* Main.storyboard */; };
		39A2C2BA217E80910007C5DD /* NotificationCenter.framework in Frameworks */ = {isa = PBXBuildFile; fileRef = 39A2C2A3217E78D20007C5DD /* NotificationCenter.framework */; };
		39A2C2BD217E80910007C5DD /* TodayViewController.swift in Sources */ = {isa = PBXBuildFile; fileRef = 39A2C2BC217E80910007C5DD /* TodayViewController.swift */; };
		39A2C2C0217E80910007C5DD /* MainInterface.storyboard in Resources */ = {isa = PBXBuildFile; fileRef = 39A2C2BE217E80910007C5DD /* MainInterface.storyboard */; };
		39A2C2C4217E80910007C5DD /* CalculatorWidget.appex in Embed App Extensions */ = {isa = PBXBuildFile; fileRef = 39A2C2B9217E80910007C5DD /* CalculatorWidget.appex */; settings = {ATTRIBUTES = (RemoveHeadersOnCopy, ); }; };
/* End PBXBuildFile section */

/* Begin PBXContainerItemProxy section */
		39A2C2C2217E80910007C5DD /* PBXContainerItemProxy */ = {
			isa = PBXContainerItemProxy;
			containerPortal = 3919C7E52152AEBC002E1476 /* Project object */;
			proxyType = 1;
			remoteGlobalIDString = 39A2C2B8217E80910007C5DD;
			remoteInfo = CalculatorWidget;
		};
		39A2C2CB217E80C90007C5DD /* PBXContainerItemProxy */ = {
			isa = PBXContainerItemProxy;
			containerPortal = 3919C8032152AEF6002E1476 /* RPN.xcodeproj */;
			proxyType = 2;
			remoteGlobalIDString = 3919C7D82152AE14002E1476;
			remoteInfo = RPN;
		};
/* End PBXContainerItemProxy section */

/* Begin PBXCopyFilesBuildPhase section */
		3919C80D2152AF56002E1476 /* Embed Frameworks */ = {
			isa = PBXCopyFilesBuildPhase;
			buildActionMask = 2147483647;
			dstPath = "";
			dstSubfolderSpec = 10;
			files = (
			);
			name = "Embed Frameworks";
			runOnlyForDeploymentPostprocessing = 0;
		};
		39A2C2B2217E78D20007C5DD /* Embed App Extensions */ = {
			isa = PBXCopyFilesBuildPhase;
			buildActionMask = 2147483647;
			dstPath = "";
			dstSubfolderSpec = 13;
			files = (
				39A2C2C4217E80910007C5DD /* CalculatorWidget.appex in Embed App Extensions */,
			);
			name = "Embed App Extensions";
			runOnlyForDeploymentPostprocessing = 0;
		};
/* End PBXCopyFilesBuildPhase section */

/* Begin PBXFileReference section */
		3919C7ED2152AEBC002E1476 /* Calculator.app */ = {isa = PBXFileReference; explicitFileType = wrapper.application; includeInIndex = 0; path = Calculator.app; sourceTree = BUILT_PRODUCTS_DIR; };
		3919C7F02152AEBC002E1476 /* AppDelegate.swift */ = {isa = PBXFileReference; lastKnownFileType = sourcecode.swift; path = AppDelegate.swift; sourceTree = "<group>"; };
		3919C7F72152AEBC002E1476 /* Assets.xcassets */ = {isa = PBXFileReference; lastKnownFileType = folder.assetcatalog; path = Assets.xcassets; sourceTree = "<group>"; };
		3919C7FA2152AEBC002E1476 /* Base */ = {isa = PBXFileReference; lastKnownFileType = file.storyboard; name = Base; path = Base.lproj/LaunchScreen.storyboard; sourceTree = "<group>"; };
		3919C7FC2152AEBC002E1476 /* Info.plist */ = {isa = PBXFileReference; lastKnownFileType = text.plist.xml; path = Info.plist; sourceTree = "<group>"; };
		3919C8032152AEF6002E1476 /* RPN.xcodeproj */ = {isa = PBXFileReference; lastKnownFileType = "wrapper.pb-project"; name = RPN.xcodeproj; path = ../RPN/RPN.xcodeproj; sourceTree = "<group>"; };
		3919C8122152BD51002E1476 /* CalculatorViewController.swift */ = {isa = PBXFileReference; fileEncoding = 4; lastKnownFileType = sourcecode.swift; path = CalculatorViewController.swift; sourceTree = "<group>"; };
		3919C8142152BD66002E1476 /* Main.storyboard */ = {isa = PBXFileReference; fileEncoding = 4; lastKnownFileType = file.storyboard; path = Main.storyboard; sourceTree = "<group>"; };
		39A2C2A3217E78D20007C5DD /* NotificationCenter.framework */ = {isa = PBXFileReference; lastKnownFileType = wrapper.framework; name = NotificationCenter.framework; path = System/Library/Frameworks/NotificationCenter.framework; sourceTree = SDKROOT; };
		39A2C2B3217E7D9B0007C5DD /* Calculator.entitlements */ = {isa = PBXFileReference; lastKnownFileType = text.plist.entitlements; path = Calculator.entitlements; sourceTree = "<group>"; };
		39A2C2B9217E80910007C5DD /* CalculatorWidget.appex */ = {isa = PBXFileReference; explicitFileType = "wrapper.app-extension"; includeInIndex = 0; path = CalculatorWidget.appex; sourceTree = BUILT_PRODUCTS_DIR; };
		39A2C2BC217E80910007C5DD /* TodayViewController.swift */ = {isa = PBXFileReference; lastKnownFileType = sourcecode.swift; path = TodayViewController.swift; sourceTree = "<group>"; };
		39A2C2BF217E80910007C5DD /* Base */ = {isa = PBXFileReference; lastKnownFileType = file.storyboard; name = Base; path = Base.lproj/MainInterface.storyboard; sourceTree = "<group>"; };
		39A2C2C1217E80910007C5DD /* Info.plist */ = {isa = PBXFileReference; lastKnownFileType = text.plist.xml; path = Info.plist; sourceTree = "<group>"; };
/* End PBXFileReference section */

/* Begin PBXFrameworksBuildPhase section */
		3919C7EA2152AEBC002E1476 /* Frameworks */ = {
			isa = PBXFrameworksBuildPhase;
			buildActionMask = 2147483647;
			files = (
			);
			runOnlyForDeploymentPostprocessing = 0;
		};
		39A2C2B6217E80910007C5DD /* Frameworks */ = {
			isa = PBXFrameworksBuildPhase;
			buildActionMask = 2147483647;
			files = (
				39A2C2BA217E80910007C5DD /* NotificationCenter.framework in Frameworks */,
			);
			runOnlyForDeploymentPostprocessing = 0;
		};
/* End PBXFrameworksBuildPhase section */

/* Begin PBXGroup section */
		3919C7E42152AEBC002E1476 = {
			isa = PBXGroup;
			children = (
				3919C7EF2152AEBC002E1476 /* Calculator */,
				39A2C2BB217E80910007C5DD /* CalculatorWidget */,
				39A2C2A2217E78D20007C5DD /* Frameworks */,
				3919C7EE2152AEBC002E1476 /* Products */,
			);
			sourceTree = "<group>";
		};
		3919C7EE2152AEBC002E1476 /* Products */ = {
			isa = PBXGroup;
			children = (
				3919C7ED2152AEBC002E1476 /* Calculator.app */,
				39A2C2B9217E80910007C5DD /* CalculatorWidget.appex */,
			);
			name = Products;
			sourceTree = "<group>";
		};
		3919C7EF2152AEBC002E1476 /* Calculator */ = {
			isa = PBXGroup;
			children = (
				39A2C2B3217E7D9B0007C5DD /* Calculator.entitlements */,
				3919C7F02152AEBC002E1476 /* AppDelegate.swift */,
				3919C8122152BD51002E1476 /* CalculatorViewController.swift */,
				3919C7F72152AEBC002E1476 /* Assets.xcassets */,
				3919C8142152BD66002E1476 /* Main.storyboard */,
				3919C7F92152AEBC002E1476 /* LaunchScreen.storyboard */,
				3919C7FC2152AEBC002E1476 /* Info.plist */,
			);
			path = Calculator;
			sourceTree = "<group>";
		};
		39A2C2A2217E78D20007C5DD /* Frameworks */ = {
			isa = PBXGroup;
			children = (
				3919C8032152AEF6002E1476 /* RPN.xcodeproj */,
				39A2C2A3217E78D20007C5DD /* NotificationCenter.framework */,
			);
			name = Frameworks;
			sourceTree = "<group>";
		};
		39A2C2BB217E80910007C5DD /* CalculatorWidget */ = {
			isa = PBXGroup;
			children = (
				39A2C2BC217E80910007C5DD /* TodayViewController.swift */,
				39A2C2BE217E80910007C5DD /* MainInterface.storyboard */,
				39A2C2C1217E80910007C5DD /* Info.plist */,
			);
			path = CalculatorWidget;
			sourceTree = "<group>";
		};
		39A2C2C8217E80C90007C5DD /* Products */ = {
			isa = PBXGroup;
			children = (
				39A2C2CC217E80C90007C5DD /* RPN.framework */,
			);
			name = Products;
			sourceTree = "<group>";
		};
/* End PBXGroup section */

/* Begin PBXNativeTarget section */
		3919C7EC2152AEBC002E1476 /* Calculator */ = {
			isa = PBXNativeTarget;
			buildConfigurationList = 3919C7FF2152AEBC002E1476 /* Build configuration list for PBXNativeTarget "Calculator" */;
			buildPhases = (
				3919C7E92152AEBC002E1476 /* Sources */,
				3919C7EA2152AEBC002E1476 /* Frameworks */,
				3919C7EB2152AEBC002E1476 /* Resources */,
				3919C80D2152AF56002E1476 /* Embed Frameworks */,
				39A2C2B2217E78D20007C5DD /* Embed App Extensions */,
			);
			buildRules = (
			);
			dependencies = (
				39A2C2C3217E80910007C5DD /* PBXTargetDependency */,
			);
			name = Calculator;
			productName = Calculator;
			productReference = 3919C7ED2152AEBC002E1476 /* Calculator.app */;
			productType = "com.apple.product-type.application";
		};
		39A2C2B8217E80910007C5DD /* CalculatorWidget */ = {
			isa = PBXNativeTarget;
			buildConfigurationList = 39A2C2C5217E80910007C5DD /* Build configuration list for PBXNativeTarget "CalculatorWidget" */;
			buildPhases = (
				39A2C2B5217E80910007C5DD /* Sources */,
				39A2C2B6217E80910007C5DD /* Frameworks */,
				39A2C2B7217E80910007C5DD /* Resources */,
			);
			buildRules = (
			);
			dependencies = (
			);
			name = CalculatorWidget;
			productName = CalculatorWidget;
			productReference = 39A2C2B9217E80910007C5DD /* CalculatorWidget.appex */;
			productType = "com.apple.product-type.app-extension";
		};
/* End PBXNativeTarget section */

/* Begin PBXProject section */
		3919C7E52152AEBC002E1476 /* Project object */ = {
			isa = PBXProject;
			attributes = {
				LastSwiftUpdateCheck = 1000;
				LastUpgradeCheck = 1000;
				ORGANIZATIONNAME = "Linh Bouniol";
				TargetAttributes = {
					3919C7EC2152AEBC002E1476 = {
						CreatedOnToolsVersion = 10.0;
						SystemCapabilities = {
							com.apple.ApplicationGroups.iOS = {
								enabled = 1;
							};
						};
					};
					39A2C2B8217E80910007C5DD = {
						CreatedOnToolsVersion = 10.0;
					};
				};
			};
			buildConfigurationList = 3919C7E82152AEBC002E1476 /* Build configuration list for PBXProject "Calculator" */;
			compatibilityVersion = "Xcode 9.3";
			developmentRegion = en;
			hasScannedForEncodings = 0;
			knownRegions = (
				en,
				Base,
			);
			mainGroup = 3919C7E42152AEBC002E1476;
			productRefGroup = 3919C7EE2152AEBC002E1476 /* Products */;
			projectDirPath = "";
			projectReferences = (
				{
					ProductGroup = 39A2C2C8217E80C90007C5DD /* Products */;
					ProjectRef = 3919C8032152AEF6002E1476 /* RPN.xcodeproj */;
				},
			);
			projectRoot = "";
			targets = (
				3919C7EC2152AEBC002E1476 /* Calculator */,
				39A2C2B8217E80910007C5DD /* CalculatorWidget */,
			);
		};
/* End PBXProject section */

/* Begin PBXReferenceProxy section */
		39A2C2CC217E80C90007C5DD /* RPN.framework */ = {
			isa = PBXReferenceProxy;
			fileType = wrapper.framework;
			path = RPN.framework;
			remoteRef = 39A2C2CB217E80C90007C5DD /* PBXContainerItemProxy */;
			sourceTree = BUILT_PRODUCTS_DIR;
		};
/* End PBXReferenceProxy section */

/* Begin PBXResourcesBuildPhase section */
		3919C7EB2152AEBC002E1476 /* Resources */ = {
			isa = PBXResourcesBuildPhase;
			buildActionMask = 2147483647;
			files = (
				3919C8152152BD66002E1476 /* Main.storyboard in Resources */,
				3919C7FB2152AEBC002E1476 /* LaunchScreen.storyboard in Resources */,
				3919C7F82152AEBC002E1476 /* Assets.xcassets in Resources */,
			);
			runOnlyForDeploymentPostprocessing = 0;
		};
		39A2C2B7217E80910007C5DD /* Resources */ = {
			isa = PBXResourcesBuildPhase;
			buildActionMask = 2147483647;
			files = (
				39A2C2C0217E80910007C5DD /* MainInterface.storyboard in Resources */,
			);
			runOnlyForDeploymentPostprocessing = 0;
		};
/* End PBXResourcesBuildPhase section */

/* Begin PBXSourcesBuildPhase section */
		3919C7E92152AEBC002E1476 /* Sources */ = {
			isa = PBXSourcesBuildPhase;
			buildActionMask = 2147483647;
			files = (
				3919C8132152BD51002E1476 /* CalculatorViewController.swift in Sources */,
				3919C7F12152AEBC002E1476 /* AppDelegate.swift in Sources */,
			);
			runOnlyForDeploymentPostprocessing = 0;
		};
		39A2C2B5217E80910007C5DD /* Sources */ = {
			isa = PBXSourcesBuildPhase;
			buildActionMask = 2147483647;
			files = (
				39A2C2BD217E80910007C5DD /* TodayViewController.swift in Sources */,
			);
			runOnlyForDeploymentPostprocessing = 0;
		};
/* End PBXSourcesBuildPhase section */

/* Begin PBXTargetDependency section */
		39A2C2C3217E80910007C5DD /* PBXTargetDependency */ = {
			isa = PBXTargetDependency;
			target = 39A2C2B8217E80910007C5DD /* CalculatorWidget */;
			targetProxy = 39A2C2C2217E80910007C5DD /* PBXContainerItemProxy */;
		};
/* End PBXTargetDependency section */

/* Begin PBXVariantGroup section */
		3919C7F92152AEBC002E1476 /* LaunchScreen.storyboard */ = {
			isa = PBXVariantGroup;
			children = (
				3919C7FA2152AEBC002E1476 /* Base */,
			);
			name = LaunchScreen.storyboard;
			sourceTree = "<group>";
		};
		39A2C2BE217E80910007C5DD /* MainInterface.storyboard */ = {
			isa = PBXVariantGroup;
			children = (
				39A2C2BF217E80910007C5DD /* Base */,
			);
			name = MainInterface.storyboard;
			sourceTree = "<group>";
		};
/* End PBXVariantGroup section */

/* Begin XCBuildConfiguration section */
		3919C7FD2152AEBC002E1476 /* Debug */ = {
			isa = XCBuildConfiguration;
			buildSettings = {
				ALWAYS_SEARCH_USER_PATHS = NO;
				CLANG_ANALYZER_NONNULL = YES;
				CLANG_ANALYZER_NUMBER_OBJECT_CONVERSION = YES_AGGRESSIVE;
				CLANG_CXX_LANGUAGE_STANDARD = "gnu++14";
				CLANG_CXX_LIBRARY = "libc++";
				CLANG_ENABLE_MODULES = YES;
				CLANG_ENABLE_OBJC_ARC = YES;
				CLANG_ENABLE_OBJC_WEAK = YES;
				CLANG_WARN_BLOCK_CAPTURE_AUTORELEASING = YES;
				CLANG_WARN_BOOL_CONVERSION = YES;
				CLANG_WARN_COMMA = YES;
				CLANG_WARN_CONSTANT_CONVERSION = YES;
				CLANG_WARN_DEPRECATED_OBJC_IMPLEMENTATIONS = YES;
				CLANG_WARN_DIRECT_OBJC_ISA_USAGE = YES_ERROR;
				CLANG_WARN_DOCUMENTATION_COMMENTS = YES;
				CLANG_WARN_EMPTY_BODY = YES;
				CLANG_WARN_ENUM_CONVERSION = YES;
				CLANG_WARN_INFINITE_RECURSION = YES;
				CLANG_WARN_INT_CONVERSION = YES;
				CLANG_WARN_NON_LITERAL_NULL_CONVERSION = YES;
				CLANG_WARN_OBJC_IMPLICIT_RETAIN_SELF = YES;
				CLANG_WARN_OBJC_LITERAL_CONVERSION = YES;
				CLANG_WARN_OBJC_ROOT_CLASS = YES_ERROR;
				CLANG_WARN_RANGE_LOOP_ANALYSIS = YES;
				CLANG_WARN_STRICT_PROTOTYPES = YES;
				CLANG_WARN_SUSPICIOUS_MOVE = YES;
				CLANG_WARN_UNGUARDED_AVAILABILITY = YES_AGGRESSIVE;
				CLANG_WARN_UNREACHABLE_CODE = YES;
				CLANG_WARN__DUPLICATE_METHOD_MATCH = YES;
				CODE_SIGN_IDENTITY = "iPhone Developer";
				COPY_PHASE_STRIP = NO;
				DEBUG_INFORMATION_FORMAT = dwarf;
				ENABLE_STRICT_OBJC_MSGSEND = YES;
				ENABLE_TESTABILITY = YES;
				GCC_C_LANGUAGE_STANDARD = gnu11;
				GCC_DYNAMIC_NO_PIC = NO;
				GCC_NO_COMMON_BLOCKS = YES;
				GCC_OPTIMIZATION_LEVEL = 0;
				GCC_PREPROCESSOR_DEFINITIONS = (
					"DEBUG=1",
					"$(inherited)",
				);
				GCC_WARN_64_TO_32_BIT_CONVERSION = YES;
				GCC_WARN_ABOUT_RETURN_TYPE = YES_ERROR;
				GCC_WARN_UNDECLARED_SELECTOR = YES;
				GCC_WARN_UNINITIALIZED_AUTOS = YES_AGGRESSIVE;
				GCC_WARN_UNUSED_FUNCTION = YES;
				GCC_WARN_UNUSED_VARIABLE = YES;
				IPHONEOS_DEPLOYMENT_TARGET = 12.0;
				MTL_ENABLE_DEBUG_INFO = INCLUDE_SOURCE;
				MTL_FAST_MATH = YES;
				ONLY_ACTIVE_ARCH = YES;
				SDKROOT = iphoneos;
				SWIFT_ACTIVE_COMPILATION_CONDITIONS = DEBUG;
				SWIFT_OPTIMIZATION_LEVEL = "-Onone";
			};
			name = Debug;
		};
		3919C7FE2152AEBC002E1476 /* Release */ = {
			isa = XCBuildConfiguration;
			buildSettings = {
				ALWAYS_SEARCH_USER_PATHS = NO;
				CLANG_ANALYZER_NONNULL = YES;
				CLANG_ANALYZER_NUMBER_OBJECT_CONVERSION = YES_AGGRESSIVE;
				CLANG_CXX_LANGUAGE_STANDARD = "gnu++14";
				CLANG_CXX_LIBRARY = "libc++";
				CLANG_ENABLE_MODULES = YES;
				CLANG_ENABLE_OBJC_ARC = YES;
				CLANG_ENABLE_OBJC_WEAK = YES;
				CLANG_WARN_BLOCK_CAPTURE_AUTORELEASING = YES;
				CLANG_WARN_BOOL_CONVERSION = YES;
				CLANG_WARN_COMMA = YES;
				CLANG_WARN_CONSTANT_CONVERSION = YES;
				CLANG_WARN_DEPRECATED_OBJC_IMPLEMENTATIONS = YES;
				CLANG_WARN_DIRECT_OBJC_ISA_USAGE = YES_ERROR;
				CLANG_WARN_DOCUMENTATION_COMMENTS = YES;
				CLANG_WARN_EMPTY_BODY = YES;
				CLANG_WARN_ENUM_CONVERSION = YES;
				CLANG_WARN_INFINITE_RECURSION = YES;
				CLANG_WARN_INT_CONVERSION = YES;
				CLANG_WARN_NON_LITERAL_NULL_CONVERSION = YES;
				CLANG_WARN_OBJC_IMPLICIT_RETAIN_SELF = YES;
				CLANG_WARN_OBJC_LITERAL_CONVERSION = YES;
				CLANG_WARN_OBJC_ROOT_CLASS = YES_ERROR;
				CLANG_WARN_RANGE_LOOP_ANALYSIS = YES;
				CLANG_WARN_STRICT_PROTOTYPES = YES;
				CLANG_WARN_SUSPICIOUS_MOVE = YES;
				CLANG_WARN_UNGUARDED_AVAILABILITY = YES_AGGRESSIVE;
				CLANG_WARN_UNREACHABLE_CODE = YES;
				CLANG_WARN__DUPLICATE_METHOD_MATCH = YES;
				CODE_SIGN_IDENTITY = "iPhone Developer";
				COPY_PHASE_STRIP = NO;
				DEBUG_INFORMATION_FORMAT = "dwarf-with-dsym";
				ENABLE_NS_ASSERTIONS = NO;
				ENABLE_STRICT_OBJC_MSGSEND = YES;
				GCC_C_LANGUAGE_STANDARD = gnu11;
				GCC_NO_COMMON_BLOCKS = YES;
				GCC_WARN_64_TO_32_BIT_CONVERSION = YES;
				GCC_WARN_ABOUT_RETURN_TYPE = YES_ERROR;
				GCC_WARN_UNDECLARED_SELECTOR = YES;
				GCC_WARN_UNINITIALIZED_AUTOS = YES_AGGRESSIVE;
				GCC_WARN_UNUSED_FUNCTION = YES;
				GCC_WARN_UNUSED_VARIABLE = YES;
				IPHONEOS_DEPLOYMENT_TARGET = 12.0;
				MTL_ENABLE_DEBUG_INFO = NO;
				MTL_FAST_MATH = YES;
				SDKROOT = iphoneos;
				SWIFT_COMPILATION_MODE = wholemodule;
				SWIFT_OPTIMIZATION_LEVEL = "-O";
				VALIDATE_PRODUCT = YES;
			};
			name = Release;
		};
		3919C8002152AEBC002E1476 /* Debug */ = {
			isa = XCBuildConfiguration;
			buildSettings = {
				ALWAYS_EMBED_SWIFT_STANDARD_LIBRARIES = YES;
				ASSETCATALOG_COMPILER_APPICON_NAME = AppIcon;
				CODE_SIGN_ENTITLEMENTS = Calculator/Calculator.entitlements;
				CODE_SIGN_STYLE = Automatic;
				DEVELOPMENT_TEAM = 39ZVY2XGME;
				INFOPLIST_FILE = Calculator/Info.plist;
				LD_RUNPATH_SEARCH_PATHS = (
					"$(inherited)",
					"@executable_path/Frameworks",
				);
				PRODUCT_BUNDLE_IDENTIFIER = com.linhbouniol.Calculator;
				PRODUCT_NAME = "$(TARGET_NAME)";
				SWIFT_VERSION = 4.2;
				TARGETED_DEVICE_FAMILY = "1,2";
			};
			name = Debug;
		};
		3919C8012152AEBC002E1476 /* Release */ = {
			isa = XCBuildConfiguration;
			buildSettings = {
				ALWAYS_EMBED_SWIFT_STANDARD_LIBRARIES = YES;
				ASSETCATALOG_COMPILER_APPICON_NAME = AppIcon;
				CODE_SIGN_ENTITLEMENTS = Calculator/Calculator.entitlements;
				CODE_SIGN_STYLE = Automatic;
				DEVELOPMENT_TEAM = 39ZVY2XGME;
				INFOPLIST_FILE = Calculator/Info.plist;
				LD_RUNPATH_SEARCH_PATHS = (
					"$(inherited)",
					"@executable_path/Frameworks",
				);
				PRODUCT_BUNDLE_IDENTIFIER = com.linhbouniol.Calculator;
				PRODUCT_NAME = "$(TARGET_NAME)";
				SWIFT_VERSION = 4.2;
				TARGETED_DEVICE_FAMILY = "1,2";
			};
			name = Release;
		};
		39A2C2C6217E80910007C5DD /* Debug */ = {
			isa = XCBuildConfiguration;
			buildSettings = {
				CODE_SIGN_STYLE = Automatic;
				DEVELOPMENT_TEAM = 39ZVY2XGME;
				INFOPLIST_FILE = CalculatorWidget/Info.plist;
				LD_RUNPATH_SEARCH_PATHS = (
					"$(inherited)",
					"@executable_path/Frameworks",
					"@executable_path/../../Frameworks",
				);
				PRODUCT_BUNDLE_IDENTIFIER = com.linhbouniol.Calculator.CalculatorWidget;
				PRODUCT_NAME = "$(TARGET_NAME)";
				SKIP_INSTALL = YES;
				SWIFT_VERSION = 4.2;
				TARGETED_DEVICE_FAMILY = "1,2";
			};
			name = Debug;
		};
		39A2C2C7217E80910007C5DD /* Release */ = {
			isa = XCBuildConfiguration;
			buildSettings = {
				CODE_SIGN_STYLE = Automatic;
				DEVELOPMENT_TEAM = 39ZVY2XGME;
				INFOPLIST_FILE = CalculatorWidget/Info.plist;
				LD_RUNPATH_SEARCH_PATHS = (
					"$(inherited)",
					"@executable_path/Frameworks",
					"@executable_path/../../Frameworks",
				);
				PRODUCT_BUNDLE_IDENTIFIER = com.linhbouniol.Calculator.CalculatorWidget;
				PRODUCT_NAME = "$(TARGET_NAME)";
				SKIP_INSTALL = YES;
				SWIFT_VERSION = 4.2;
				TARGETED_DEVICE_FAMILY = "1,2";
			};
			name = Release;
		};
/* End XCBuildConfiguration section */

/* Begin XCConfigurationList section */
		3919C7E82152AEBC002E1476 /* Build configuration list for PBXProject "Calculator" */ = {
			isa = XCConfigurationList;
			buildConfigurations = (
				3919C7FD2152AEBC002E1476 /* Debug */,
				3919C7FE2152AEBC002E1476 /* Release */,
			);
			defaultConfigurationIsVisible = 0;
			defaultConfigurationName = Release;
		};
		3919C7FF2152AEBC002E1476 /* Build configuration list for PBXNativeTarget "Calculator" */ = {
			isa = XCConfigurationList;
			buildConfigurations = (
				3919C8002152AEBC002E1476 /* Debug */,
				3919C8012152AEBC002E1476 /* Release */,
			);
			defaultConfigurationIsVisible = 0;
			defaultConfigurationName = Release;
		};
		39A2C2C5217E80910007C5DD /* Build configuration list for PBXNativeTarget "CalculatorWidget" */ = {
			isa = XCConfigurationList;
			buildConfigurations = (
				39A2C2C6217E80910007C5DD /* Debug */,
				39A2C2C7217E80910007C5DD /* Release */,
			);
			defaultConfigurationIsVisible = 0;
			defaultConfigurationName = Release;
		};
/* End XCConfigurationList section */
	};
	rootObject = 3919C7E52152AEBC002E1476 /* Project object */;
}
